// !$*UTF8*$!
{
	archiveVersion = 1;
	classes = {
	};
	objectVersion = 48;
	objects = {

/* Begin PBXBuildFile section */
		399FC8B1A6BDAE3824F3DCDA /* Pods_kacagiderim_beta.framework in Frameworks */ = {isa = PBXBuildFile; fileRef = 3DC057F6869B00DA6B54F3C1 /* Pods_kacagiderim_beta.framework */; };
		D6200AD5218F750900FDFB26 /* NewVehicleVC.swift in Sources */ = {isa = PBXBuildFile; fileRef = D6200AD4218F750900FDFB26 /* NewVehicleVC.swift */; };
		D6200AD7218F8A9B00FDFB26 /* VehicleCollectionViewCell.swift in Sources */ = {isa = PBXBuildFile; fileRef = D6200AD6218F8A9B00FDFB26 /* VehicleCollectionViewCell.swift */; };
		D63F811C21BBC58C00C62855 /* ProfileFavouriteVM.swift in Sources */ = {isa = PBXBuildFile; fileRef = D63F811B21BBC58C00C62855 /* ProfileFavouriteVM.swift */; };
		D63F811E21BD65B000C62855 /* ProfileLocationSelectorVM.swift in Sources */ = {isa = PBXBuildFile; fileRef = D63F811D21BD65B000C62855 /* ProfileLocationSelectorVM.swift */; };
		D63F812021BD6F7900C62855 /* ProfileLocationSelectorVC.swift in Sources */ = {isa = PBXBuildFile; fileRef = D63F811F21BD6F7900C62855 /* ProfileLocationSelectorVC.swift */; };
		D63F812221BD7E0300C62855 /* UIView+Utils.swift in Sources */ = {isa = PBXBuildFile; fileRef = D63F812121BD7E0300C62855 /* UIView+Utils.swift */; };
		D63FE2BE216FDCC8007F0946 /* Font.swift in Sources */ = {isa = PBXBuildFile; fileRef = D63FE2BD216FDCC8007F0946 /* Font.swift */; };
		D63FE2C0216FDD42007F0946 /* UIColor+Utils.swift in Sources */ = {isa = PBXBuildFile; fileRef = D63FE2BF216FDD42007F0946 /* UIColor+Utils.swift */; };
		D63FE2C2216FDE78007F0946 /* UIScreen+Utils.swift in Sources */ = {isa = PBXBuildFile; fileRef = D63FE2C1216FDE78007F0946 /* UIScreen+Utils.swift */; };
		D63FE2C4216FDECC007F0946 /* CGRect+Utils.swift in Sources */ = {isa = PBXBuildFile; fileRef = D63FE2C3216FDECC007F0946 /* CGRect+Utils.swift */; };
		D63FE2C821753A18007F0946 /* PopupHandler.swift in Sources */ = {isa = PBXBuildFile; fileRef = D63FE2C721753A18007F0946 /* PopupHandler.swift */; };
		D63FE2CE218489F1007F0946 /* CarEndpoint.swift in Sources */ = {isa = PBXBuildFile; fileRef = D63FE2CD218489F1007F0946 /* CarEndpoint.swift */; };
		D63FE2D021848E5E007F0946 /* Brand.swift in Sources */ = {isa = PBXBuildFile; fileRef = D63FE2CF21848E5E007F0946 /* Brand.swift */; };
		D63FE2D221848EB0007F0946 /* Brands.swift in Sources */ = {isa = PBXBuildFile; fileRef = D63FE2D121848EB0007F0946 /* Brands.swift */; };
		D63FE2D42184925C007F0946 /* PageResponse.swift in Sources */ = {isa = PBXBuildFile; fileRef = D63FE2D32184925C007F0946 /* PageResponse.swift */; };
		D63FE2D621849B80007F0946 /* AccountEndpoint.swift in Sources */ = {isa = PBXBuildFile; fileRef = D63FE2D521849B80007F0946 /* AccountEndpoint.swift */; };
		D63FE2D82185F77C007F0946 /* CarTableViewCell.swift in Sources */ = {isa = PBXBuildFile; fileRef = D63FE2D72185F77C007F0946 /* CarTableViewCell.swift */; };
		D63FE2DA2185FAF5007F0946 /* Detail.swift in Sources */ = {isa = PBXBuildFile; fileRef = D63FE2D92185FAF5007F0946 /* Detail.swift */; };
		D63FE2DC21860C92007F0946 /* DefaultsManager.swift in Sources */ = {isa = PBXBuildFile; fileRef = D63FE2DB21860C92007F0946 /* DefaultsManager.swift */; };
		D63FE2E0218610ED007F0946 /* AccountVehicleVM.swift in Sources */ = {isa = PBXBuildFile; fileRef = D63FE2DF218610ED007F0946 /* AccountVehicleVM.swift */; };
		D63FE2E5218612E2007F0946 /* AccountVehicleVC.swift in Sources */ = {isa = PBXBuildFile; fileRef = D63FE2E4218612E2007F0946 /* AccountVehicleVC.swift */; };
		D645B9E521903351005135C7 /* ImageManager.swift in Sources */ = {isa = PBXBuildFile; fileRef = D645B9E421903351005135C7 /* ImageManager.swift */; };
		D645B9E72191B0C9005135C7 /* Engine.swift in Sources */ = {isa = PBXBuildFile; fileRef = D645B9E62191B0C9005135C7 /* Engine.swift */; };
		D645B9E92191BB4B005135C7 /* Version.swift in Sources */ = {isa = PBXBuildFile; fileRef = D645B9E82191BB4B005135C7 /* Version.swift */; };
		D645B9ED21983729005135C7 /* FormFieldPresetFactory.swift in Sources */ = {isa = PBXBuildFile; fileRef = D645B9EC21983729005135C7 /* FormFieldPresetFactory.swift */; };
		D645B9EF219A0305005135C7 /* AuthManager.swift in Sources */ = {isa = PBXBuildFile; fileRef = D645B9EE219A0305005135C7 /* AuthManager.swift */; };
		D645B9F1219B688C005135C7 /* UIButton+Utils.swift in Sources */ = {isa = PBXBuildFile; fileRef = D645B9F0219B688C005135C7 /* UIButton+Utils.swift */; };
		D65A85D721A80DE60020D3DE /* CardPartsUtil.swift in Sources */ = {isa = PBXBuildFile; fileRef = D65A85D621A80DE60020D3DE /* CardPartsUtil.swift */; };
		D65A85D921AF35500020D3DE /* BaseCardPartsViewController.swift in Sources */ = {isa = PBXBuildFile; fileRef = D65A85D821AF35500020D3DE /* BaseCardPartsViewController.swift */; };
		D667F80321A4990A00819B56 /* AccountVehicleDetailVM.swift in Sources */ = {isa = PBXBuildFile; fileRef = D667F80221A4990A00819B56 /* AccountVehicleDetailVM.swift */; };
		D6A0D7AC211F2A530019C7FA /* FuelEndpoint.swift in Sources */ = {isa = PBXBuildFile; fileRef = D6A0D7AB211F2A530019C7FA /* FuelEndpoint.swift */; };
		D6A0D7AE211F2FAC0019C7FA /* FuelPrice.swift in Sources */ = {isa = PBXBuildFile; fileRef = D6A0D7AD211F2FAC0019C7FA /* FuelPrice.swift */; };
		D6A0D7B0211F3F460019C7FA /* FuelPriceCollectionViewCell.swift in Sources */ = {isa = PBXBuildFile; fileRef = D6A0D7AF211F3F460019C7FA /* FuelPriceCollectionViewCell.swift */; };
		D6A0D7B2211F412C0019C7FA /* FuelPriceCollectionViewDataSource.swift in Sources */ = {isa = PBXBuildFile; fileRef = D6A0D7B1211F412C0019C7FA /* FuelPriceCollectionViewDataSource.swift */; };
		D6A0D7B8212082C80019C7FA /* City.swift in Sources */ = {isa = PBXBuildFile; fileRef = D6A0D7B7212082C80019C7FA /* City.swift */; };
		D6A0D7BA2120837B0019C7FA /* Cities.swift in Sources */ = {isa = PBXBuildFile; fileRef = D6A0D7B92120837B0019C7FA /* Cities.swift */; };
		D6C29B1F213C940100054110 /* MyCustomTableViewCell.swift in Sources */ = {isa = PBXBuildFile; fileRef = D6C29B1E213C940100054110 /* MyCustomTableViewCell.swift */; };
		D6C29B2121407EC000054110 /* CustomCardPartTheme.swift in Sources */ = {isa = PBXBuildFile; fileRef = D6C29B2021407EC000054110 /* CustomCardPartTheme.swift */; };
		D6C29B2321407FF700054110 /* ExtensionUIColor.swift in Sources */ = {isa = PBXBuildFile; fileRef = D6C29B2221407FF700054110 /* ExtensionUIColor.swift */; };
		D6C29B252140808300054110 /* ExtensionUIFont.swift in Sources */ = {isa = PBXBuildFile; fileRef = D6C29B242140808300054110 /* ExtensionUIFont.swift */; };
		D6C73C2821B6B89E0058AB2D /* SearchVehicleVC.swift in Sources */ = {isa = PBXBuildFile; fileRef = D6C73C2721B6B89D0058AB2D /* SearchVehicleVC.swift */; };
		D6C73C2A21B6B9450058AB2D /* SearchVehicleVM.swift in Sources */ = {isa = PBXBuildFile; fileRef = D6C73C2921B6B9450058AB2D /* SearchVehicleVM.swift */; };
		D6C73C2C21B6C23A0058AB2D /* SearchVehicleRootVC.storyboard in Resources */ = {isa = PBXBuildFile; fileRef = D6C73C2B21B6C23A0058AB2D /* SearchVehicleRootVC.storyboard */; };
		D6C73C2E21B6DB570058AB2D /* SearchVehicleRootVC.swift in Sources */ = {isa = PBXBuildFile; fileRef = D6C73C2D21B6DB570058AB2D /* SearchVehicleRootVC.swift */; };
		D6C73C3221B855B80058AB2D /* ProfileRootVC.swift in Sources */ = {isa = PBXBuildFile; fileRef = D6C73C3121B855B80058AB2D /* ProfileRootVC.swift */; };
		D6C73C3421B856250058AB2D /* ProfileVM.swift in Sources */ = {isa = PBXBuildFile; fileRef = D6C73C3321B856250058AB2D /* ProfileVM.swift */; };
		D6C73C3621B856E00058AB2D /* ProfileVC.swift in Sources */ = {isa = PBXBuildFile; fileRef = D6C73C3521B856E00058AB2D /* ProfileVC.swift */; };
		D6C73C3821B962410058AB2D /* ProfileMetricsVC.swift in Sources */ = {isa = PBXBuildFile; fileRef = D6C73C3721B962410058AB2D /* ProfileMetricsVC.swift */; };
		D6C73C3A21B97ECB0058AB2D /* ProfileLocationVC.swift in Sources */ = {isa = PBXBuildFile; fileRef = D6C73C3921B97ECB0058AB2D /* ProfileLocationVC.swift */; };
		D6C73C3C21B9800D0058AB2D /* ProfileFavouriteVC.swift in Sources */ = {isa = PBXBuildFile; fileRef = D6C73C3B21B9800D0058AB2D /* ProfileFavouriteVC.swift */; };
		D6D66A8920F9FB6E003B7C75 /* AppDelegate.swift in Sources */ = {isa = PBXBuildFile; fileRef = D6D66A8820F9FB6E003B7C75 /* AppDelegate.swift */; };
		D6D66A8B20F9FB6E003B7C75 /* SignInViewController.swift in Sources */ = {isa = PBXBuildFile; fileRef = D6D66A8A20F9FB6E003B7C75 /* SignInViewController.swift */; };
		D6D66A8E20F9FB6E003B7C75 /* Main.storyboard in Resources */ = {isa = PBXBuildFile; fileRef = D6D66A8C20F9FB6E003B7C75 /* Main.storyboard */; };
		D6D66A9020F9FB6E003B7C75 /* Assets.xcassets in Resources */ = {isa = PBXBuildFile; fileRef = D6D66A8F20F9FB6E003B7C75 /* Assets.xcassets */; };
		D6D66A9320F9FB6E003B7C75 /* LaunchScreen.storyboard in Resources */ = {isa = PBXBuildFile; fileRef = D6D66A9120F9FB6E003B7C75 /* LaunchScreen.storyboard */; };
		D6D66AA220FA5909003B7C75 /* LoginViewController.swift in Sources */ = {isa = PBXBuildFile; fileRef = D6D66AA120FA5909003B7C75 /* LoginViewController.swift */; };
		D6DD2456219D5C190016945E /* CarSearchTableViewCell.swift in Sources */ = {isa = PBXBuildFile; fileRef = D6DD2455219D5C190016945E /* CarSearchTableViewCell.swift */; };
		D6E8EC4C21B2BDCE001D68B1 /* Packet.swift in Sources */ = {isa = PBXBuildFile; fileRef = D6E8EC4B21B2BDCE001D68B1 /* Packet.swift */; };
		D6EBE951210331E30067CAB8 /* MessageHelper.swift in Sources */ = {isa = PBXBuildFile; fileRef = D6EBE950210331E30067CAB8 /* MessageHelper.swift */; };
		D6EBE9532103457B0067CAB8 /* CustomError.swift in Sources */ = {isa = PBXBuildFile; fileRef = D6EBE9522103457B0067CAB8 /* CustomError.swift */; };
		D6EBE95521035EA30067CAB8 /* Utils.swift in Sources */ = {isa = PBXBuildFile; fileRef = D6EBE95421035EA30067CAB8 /* Utils.swift */; };
		D6EBE9592104DFDF0067CAB8 /* Countries.swift in Sources */ = {isa = PBXBuildFile; fileRef = D6EBE9582104DFDF0067CAB8 /* Countries.swift */; };
		D800076320FC7C3100B1128A /* SignUpViewController.swift in Sources */ = {isa = PBXBuildFile; fileRef = D800076220FC7C3100B1128A /* SignUpViewController.swift */; };
		D800076520FCC63400B1128A /* MainTabbarController.swift in Sources */ = {isa = PBXBuildFile; fileRef = D800076420FCC63400B1128A /* MainTabbarController.swift */; };
		D800076720FCC7DB00B1128A /* Switcher.swift in Sources */ = {isa = PBXBuildFile; fileRef = D800076620FCC7DB00B1128A /* Switcher.swift */; };
		D800076A20FCCB0F00B1128A /* ProfileViewController.swift in Sources */ = {isa = PBXBuildFile; fileRef = D800076920FCCB0F00B1128A /* ProfileViewController.swift */; };
		D800076C20FCCF2900B1128A /* PricesViewController.swift in Sources */ = {isa = PBXBuildFile; fileRef = D800076B20FCCF2900B1128A /* PricesViewController.swift */; };
		D800076E20FCCF3900B1128A /* MapViewController.swift in Sources */ = {isa = PBXBuildFile; fileRef = D800076D20FCCF3900B1128A /* MapViewController.swift */; };
		D800077020FCD9C200B1128A /* RoutesViewController.swift in Sources */ = {isa = PBXBuildFile; fileRef = D800076F20FCD9C200B1128A /* RoutesViewController.swift */; };
		D800077220FCD9D300B1128A /* VehicleRootVC.swift in Sources */ = {isa = PBXBuildFile; fileRef = D800077120FCD9D300B1128A /* VehicleRootVC.swift */; };
		D800077F20FE280300B1128A /* L10n.swift in Sources */ = {isa = PBXBuildFile; fileRef = D800077E20FE280300B1128A /* L10n.swift */; };
		D838A66C213FED7B003E034E /* FuelPrices.swift in Sources */ = {isa = PBXBuildFile; fileRef = D838A66B213FED7B003E034E /* FuelPrices.swift */; };
		D838A66E214102DA003E034E /* PasswordViewController.swift in Sources */ = {isa = PBXBuildFile; fileRef = D838A66D214102DA003E034E /* PasswordViewController.swift */; };
		D838A6702142BEAA003E034E /* MapLocationSelectorVC.swift in Sources */ = {isa = PBXBuildFile; fileRef = D838A66F2142BEAA003E034E /* MapLocationSelectorVC.swift */; };
		D838A6722142C0FC003E034E /* MapLocationSelector.storyboard in Resources */ = {isa = PBXBuildFile; fileRef = D838A6712142C0FC003E034E /* MapLocationSelector.storyboard */; };
		D898649C2101BF7B00E46477 /* LoginFailResponse.swift in Sources */ = {isa = PBXBuildFile; fileRef = D898649B2101BF7B00E46477 /* LoginFailResponse.swift */; };
		D898649F2101D3D900E46477 /* UserEndpoint.swift in Sources */ = {isa = PBXBuildFile; fileRef = D898649E2101D3D900E46477 /* UserEndpoint.swift */; };
		D89864A121020F9A00E46477 /* ServerResponse.swift in Sources */ = {isa = PBXBuildFile; fileRef = D89864A021020F9A00E46477 /* ServerResponse.swift */; };
		D8A92A67216CF58700F2C4EE /* FacebookUser.swift in Sources */ = {isa = PBXBuildFile; fileRef = D8A92A66216CF58700F2C4EE /* FacebookUser.swift */; };
		D8A92A692188685700F2C4EE /* VehicleResponse.swift in Sources */ = {isa = PBXBuildFile; fileRef = D8A92A682188685700F2C4EE /* VehicleResponse.swift */; };
		D8A92A6B21886CF100F2C4EE /* AccountVehicle.swift in Sources */ = {isa = PBXBuildFile; fileRef = D8A92A6A21886CF100F2C4EE /* AccountVehicle.swift */; };
		D8A92A6E218896E000F2C4EE /* AccountVehicleDetailVC.swift in Sources */ = {isa = PBXBuildFile; fileRef = D8A92A6D218896E000F2C4EE /* AccountVehicleDetailVC.swift */; };
		D8A92A702189DB4000F2C4EE /* NewVehicleRootVC.swift in Sources */ = {isa = PBXBuildFile; fileRef = D8A92A6F2189DB4000F2C4EE /* NewVehicleRootVC.swift */; };
		D8A92A722189DBAE00F2C4EE /* NewVehicleRootVC.storyboard in Resources */ = {isa = PBXBuildFile; fileRef = D8A92A712189DBAE00F2C4EE /* NewVehicleRootVC.storyboard */; };
		D8A92A76218C2FFB00F2C4EE /* NewVehicleVM.swift in Sources */ = {isa = PBXBuildFile; fileRef = D8A92A75218C2FFB00F2C4EE /* NewVehicleVM.swift */; };
		D8A92A7C218C37DB00F2C4EE /* Model.swift in Sources */ = {isa = PBXBuildFile; fileRef = D8A92A7B218C37DB00F2C4EE /* Model.swift */; };
		D8B26418211B2055000E814F /* TokenController.swift in Sources */ = {isa = PBXBuildFile; fileRef = D8B26417211B2055000E814F /* TokenController.swift */; };
		D8B4236821022C7C009A5B7B /* LoginSuccessResponse.swift in Sources */ = {isa = PBXBuildFile; fileRef = D8B4236721022C7C009A5B7B /* LoginSuccessResponse.swift */; };
		D8E699FE20FF34A4005484CA /* User.swift in Sources */ = {isa = PBXBuildFile; fileRef = D8E699FD20FF34A4005484CA /* User.swift */; };
		D8E69A0020FF80D7005484CA /* Country.swift in Sources */ = {isa = PBXBuildFile; fileRef = D8E699FF20FF80D7005484CA /* Country.swift */; };
		D8E69A0221009F90005484CA /* NationEndpoint.swift in Sources */ = {isa = PBXBuildFile; fileRef = D8E69A0121009F90005484CA /* NationEndpoint.swift */; };
		D8E69A042100A09F005484CA /* APIClient.swift in Sources */ = {isa = PBXBuildFile; fileRef = D8E69A032100A09F005484CA /* APIClient.swift */; };
		D8E69A062100A0D4005484CA /* Constants.swift in Sources */ = {isa = PBXBuildFile; fileRef = D8E69A052100A0D4005484CA /* Constants.swift */; };
		D8E69A0A2100E065005484CA /* APIConfiguration.swift in Sources */ = {isa = PBXBuildFile; fileRef = D8E69A092100E065005484CA /* APIConfiguration.swift */; };
		D8E69A0C2100E0BD005484CA /* LoginEndpoint.swift in Sources */ = {isa = PBXBuildFile; fileRef = D8E69A0B2100E0BD005484CA /* LoginEndpoint.swift */; };
/* End PBXBuildFile section */

/* Begin PBXFileReference section */
		3DC057F6869B00DA6B54F3C1 /* Pods_kacagiderim_beta.framework */ = {isa = PBXFileReference; explicitFileType = wrapper.framework; includeInIndex = 0; path = Pods_kacagiderim_beta.framework; sourceTree = BUILT_PRODUCTS_DIR; };
		B1D735496F795E5A69644DAB /* Pods-kacagiderim_beta.release.xcconfig */ = {isa = PBXFileReference; includeInIndex = 1; lastKnownFileType = text.xcconfig; name = "Pods-kacagiderim_beta.release.xcconfig"; path = "Pods/Target Support Files/Pods-kacagiderim_beta/Pods-kacagiderim_beta.release.xcconfig"; sourceTree = "<group>"; };
		D6200AD4218F750900FDFB26 /* NewVehicleVC.swift */ = {isa = PBXFileReference; lastKnownFileType = sourcecode.swift; path = NewVehicleVC.swift; sourceTree = "<group>"; };
		D6200AD6218F8A9B00FDFB26 /* VehicleCollectionViewCell.swift */ = {isa = PBXFileReference; lastKnownFileType = sourcecode.swift; path = VehicleCollectionViewCell.swift; sourceTree = "<group>"; };
		D63F811B21BBC58C00C62855 /* ProfileFavouriteVM.swift */ = {isa = PBXFileReference; lastKnownFileType = sourcecode.swift; path = ProfileFavouriteVM.swift; sourceTree = "<group>"; };
		D63F811D21BD65B000C62855 /* ProfileLocationSelectorVM.swift */ = {isa = PBXFileReference; lastKnownFileType = sourcecode.swift; path = ProfileLocationSelectorVM.swift; sourceTree = "<group>"; };
		D63F811F21BD6F7900C62855 /* ProfileLocationSelectorVC.swift */ = {isa = PBXFileReference; lastKnownFileType = sourcecode.swift; path = ProfileLocationSelectorVC.swift; sourceTree = "<group>"; };
		D63F812121BD7E0300C62855 /* UIView+Utils.swift */ = {isa = PBXFileReference; lastKnownFileType = sourcecode.swift; path = "UIView+Utils.swift"; sourceTree = "<group>"; };
		D63FE2BD216FDCC8007F0946 /* Font.swift */ = {isa = PBXFileReference; lastKnownFileType = sourcecode.swift; path = Font.swift; sourceTree = "<group>"; };
		D63FE2BF216FDD42007F0946 /* UIColor+Utils.swift */ = {isa = PBXFileReference; lastKnownFileType = sourcecode.swift; path = "UIColor+Utils.swift"; sourceTree = "<group>"; };
		D63FE2C1216FDE78007F0946 /* UIScreen+Utils.swift */ = {isa = PBXFileReference; lastKnownFileType = sourcecode.swift; path = "UIScreen+Utils.swift"; sourceTree = "<group>"; };
		D63FE2C3216FDECC007F0946 /* CGRect+Utils.swift */ = {isa = PBXFileReference; lastKnownFileType = sourcecode.swift; path = "CGRect+Utils.swift"; sourceTree = "<group>"; };
		D63FE2C721753A18007F0946 /* PopupHandler.swift */ = {isa = PBXFileReference; lastKnownFileType = sourcecode.swift; path = PopupHandler.swift; sourceTree = "<group>"; };
		D63FE2CD218489F1007F0946 /* CarEndpoint.swift */ = {isa = PBXFileReference; lastKnownFileType = sourcecode.swift; path = CarEndpoint.swift; sourceTree = "<group>"; };
		D63FE2CF21848E5E007F0946 /* Brand.swift */ = {isa = PBXFileReference; lastKnownFileType = sourcecode.swift; path = Brand.swift; sourceTree = "<group>"; };
		D63FE2D121848EB0007F0946 /* Brands.swift */ = {isa = PBXFileReference; lastKnownFileType = sourcecode.swift; path = Brands.swift; sourceTree = "<group>"; };
		D63FE2D32184925C007F0946 /* PageResponse.swift */ = {isa = PBXFileReference; lastKnownFileType = sourcecode.swift; path = PageResponse.swift; sourceTree = "<group>"; };
		D63FE2D521849B80007F0946 /* AccountEndpoint.swift */ = {isa = PBXFileReference; lastKnownFileType = sourcecode.swift; path = AccountEndpoint.swift; sourceTree = "<group>"; };
		D63FE2D72185F77C007F0946 /* CarTableViewCell.swift */ = {isa = PBXFileReference; lastKnownFileType = sourcecode.swift; path = CarTableViewCell.swift; sourceTree = "<group>"; };
		D63FE2D92185FAF5007F0946 /* Detail.swift */ = {isa = PBXFileReference; lastKnownFileType = sourcecode.swift; path = Detail.swift; sourceTree = "<group>"; };
		D63FE2DB21860C92007F0946 /* DefaultsManager.swift */ = {isa = PBXFileReference; lastKnownFileType = sourcecode.swift; path = DefaultsManager.swift; sourceTree = "<group>"; };
		D63FE2DF218610ED007F0946 /* AccountVehicleVM.swift */ = {isa = PBXFileReference; lastKnownFileType = sourcecode.swift; path = AccountVehicleVM.swift; sourceTree = "<group>"; };
		D63FE2E4218612E2007F0946 /* AccountVehicleVC.swift */ = {isa = PBXFileReference; lastKnownFileType = sourcecode.swift; path = AccountVehicleVC.swift; sourceTree = "<group>"; };
		D645B9E421903351005135C7 /* ImageManager.swift */ = {isa = PBXFileReference; lastKnownFileType = sourcecode.swift; path = ImageManager.swift; sourceTree = "<group>"; };
		D645B9E62191B0C9005135C7 /* Engine.swift */ = {isa = PBXFileReference; lastKnownFileType = sourcecode.swift; path = Engine.swift; sourceTree = "<group>"; };
		D645B9E82191BB4B005135C7 /* Version.swift */ = {isa = PBXFileReference; lastKnownFileType = sourcecode.swift; path = Version.swift; sourceTree = "<group>"; };
		D645B9EC21983729005135C7 /* FormFieldPresetFactory.swift */ = {isa = PBXFileReference; lastKnownFileType = sourcecode.swift; path = FormFieldPresetFactory.swift; sourceTree = "<group>"; };
		D645B9EE219A0305005135C7 /* AuthManager.swift */ = {isa = PBXFileReference; lastKnownFileType = sourcecode.swift; path = AuthManager.swift; sourceTree = "<group>"; };
		D645B9F0219B688C005135C7 /* UIButton+Utils.swift */ = {isa = PBXFileReference; lastKnownFileType = sourcecode.swift; path = "UIButton+Utils.swift"; sourceTree = "<group>"; };
		D65A85D621A80DE60020D3DE /* CardPartsUtil.swift */ = {isa = PBXFileReference; lastKnownFileType = sourcecode.swift; path = CardPartsUtil.swift; sourceTree = "<group>"; };
		D65A85D821AF35500020D3DE /* BaseCardPartsViewController.swift */ = {isa = PBXFileReference; lastKnownFileType = sourcecode.swift; path = BaseCardPartsViewController.swift; sourceTree = "<group>"; };
		D667F80221A4990A00819B56 /* AccountVehicleDetailVM.swift */ = {isa = PBXFileReference; lastKnownFileType = sourcecode.swift; path = AccountVehicleDetailVM.swift; sourceTree = "<group>"; };
		D695B7266CA73A8F19F59151 /* Pods-kacagiderim_beta.debug.xcconfig */ = {isa = PBXFileReference; includeInIndex = 1; lastKnownFileType = text.xcconfig; name = "Pods-kacagiderim_beta.debug.xcconfig"; path = "Pods/Target Support Files/Pods-kacagiderim_beta/Pods-kacagiderim_beta.debug.xcconfig"; sourceTree = "<group>"; };
		D6A0D7AB211F2A530019C7FA /* FuelEndpoint.swift */ = {isa = PBXFileReference; lastKnownFileType = sourcecode.swift; path = FuelEndpoint.swift; sourceTree = "<group>"; };
		D6A0D7AD211F2FAC0019C7FA /* FuelPrice.swift */ = {isa = PBXFileReference; lastKnownFileType = sourcecode.swift; path = FuelPrice.swift; sourceTree = "<group>"; };
		D6A0D7AF211F3F460019C7FA /* FuelPriceCollectionViewCell.swift */ = {isa = PBXFileReference; lastKnownFileType = sourcecode.swift; path = FuelPriceCollectionViewCell.swift; sourceTree = "<group>"; };
		D6A0D7B1211F412C0019C7FA /* FuelPriceCollectionViewDataSource.swift */ = {isa = PBXFileReference; lastKnownFileType = sourcecode.swift; path = FuelPriceCollectionViewDataSource.swift; sourceTree = "<group>"; };
		D6A0D7B7212082C80019C7FA /* City.swift */ = {isa = PBXFileReference; lastKnownFileType = sourcecode.swift; path = City.swift; sourceTree = "<group>"; };
		D6A0D7B92120837B0019C7FA /* Cities.swift */ = {isa = PBXFileReference; lastKnownFileType = sourcecode.swift; path = Cities.swift; sourceTree = "<group>"; };
		D6C29B1E213C940100054110 /* MyCustomTableViewCell.swift */ = {isa = PBXFileReference; lastKnownFileType = sourcecode.swift; path = MyCustomTableViewCell.swift; sourceTree = "<group>"; };
		D6C29B2021407EC000054110 /* CustomCardPartTheme.swift */ = {isa = PBXFileReference; lastKnownFileType = sourcecode.swift; path = CustomCardPartTheme.swift; sourceTree = "<group>"; };
		D6C29B2221407FF700054110 /* ExtensionUIColor.swift */ = {isa = PBXFileReference; lastKnownFileType = sourcecode.swift; path = ExtensionUIColor.swift; sourceTree = "<group>"; };
		D6C29B242140808300054110 /* ExtensionUIFont.swift */ = {isa = PBXFileReference; lastKnownFileType = sourcecode.swift; path = ExtensionUIFont.swift; sourceTree = "<group>"; };
		D6C73C2721B6B89D0058AB2D /* SearchVehicleVC.swift */ = {isa = PBXFileReference; lastKnownFileType = sourcecode.swift; path = SearchVehicleVC.swift; sourceTree = "<group>"; };
		D6C73C2921B6B9450058AB2D /* SearchVehicleVM.swift */ = {isa = PBXFileReference; lastKnownFileType = sourcecode.swift; path = SearchVehicleVM.swift; sourceTree = "<group>"; };
		D6C73C2B21B6C23A0058AB2D /* SearchVehicleRootVC.storyboard */ = {isa = PBXFileReference; fileEncoding = 4; lastKnownFileType = file.storyboard; path = SearchVehicleRootVC.storyboard; sourceTree = "<group>"; };
		D6C73C2D21B6DB570058AB2D /* SearchVehicleRootVC.swift */ = {isa = PBXFileReference; lastKnownFileType = sourcecode.swift; path = SearchVehicleRootVC.swift; sourceTree = "<group>"; };
		D6C73C3121B855B80058AB2D /* ProfileRootVC.swift */ = {isa = PBXFileReference; lastKnownFileType = sourcecode.swift; path = ProfileRootVC.swift; sourceTree = "<group>"; };
		D6C73C3321B856250058AB2D /* ProfileVM.swift */ = {isa = PBXFileReference; lastKnownFileType = sourcecode.swift; path = ProfileVM.swift; sourceTree = "<group>"; };
		D6C73C3521B856E00058AB2D /* ProfileVC.swift */ = {isa = PBXFileReference; lastKnownFileType = sourcecode.swift; path = ProfileVC.swift; sourceTree = "<group>"; };
		D6C73C3721B962410058AB2D /* ProfileMetricsVC.swift */ = {isa = PBXFileReference; lastKnownFileType = sourcecode.swift; path = ProfileMetricsVC.swift; sourceTree = "<group>"; };
		D6C73C3921B97ECB0058AB2D /* ProfileLocationVC.swift */ = {isa = PBXFileReference; lastKnownFileType = sourcecode.swift; path = ProfileLocationVC.swift; sourceTree = "<group>"; };
		D6C73C3B21B9800D0058AB2D /* ProfileFavouriteVC.swift */ = {isa = PBXFileReference; lastKnownFileType = sourcecode.swift; path = ProfileFavouriteVC.swift; sourceTree = "<group>"; };
		D6D66A8520F9FB6E003B7C75 /* kacagiderim_beta.app */ = {isa = PBXFileReference; explicitFileType = wrapper.application; includeInIndex = 0; path = kacagiderim_beta.app; sourceTree = BUILT_PRODUCTS_DIR; };
		D6D66A8820F9FB6E003B7C75 /* AppDelegate.swift */ = {isa = PBXFileReference; lastKnownFileType = sourcecode.swift; path = AppDelegate.swift; sourceTree = "<group>"; };
		D6D66A8A20F9FB6E003B7C75 /* SignInViewController.swift */ = {isa = PBXFileReference; lastKnownFileType = sourcecode.swift; path = SignInViewController.swift; sourceTree = "<group>"; };
		D6D66A8D20F9FB6E003B7C75 /* Base */ = {isa = PBXFileReference; lastKnownFileType = file.storyboard; name = Base; path = Base.lproj/Main.storyboard; sourceTree = "<group>"; };
		D6D66A8F20F9FB6E003B7C75 /* Assets.xcassets */ = {isa = PBXFileReference; lastKnownFileType = folder.assetcatalog; path = Assets.xcassets; sourceTree = "<group>"; };
		D6D66A9220F9FB6E003B7C75 /* Base */ = {isa = PBXFileReference; lastKnownFileType = file.storyboard; name = Base; path = Base.lproj/LaunchScreen.storyboard; sourceTree = "<group>"; };
		D6D66A9420F9FB6E003B7C75 /* Info.plist */ = {isa = PBXFileReference; lastKnownFileType = text.plist.xml; path = Info.plist; sourceTree = "<group>"; };
		D6D66AA120FA5909003B7C75 /* LoginViewController.swift */ = {isa = PBXFileReference; lastKnownFileType = sourcecode.swift; path = LoginViewController.swift; sourceTree = "<group>"; };
		D6DD2455219D5C190016945E /* CarSearchTableViewCell.swift */ = {isa = PBXFileReference; lastKnownFileType = sourcecode.swift; path = CarSearchTableViewCell.swift; sourceTree = "<group>"; };
		D6E8EC4B21B2BDCE001D68B1 /* Packet.swift */ = {isa = PBXFileReference; lastKnownFileType = sourcecode.swift; path = Packet.swift; sourceTree = "<group>"; };
		D6EBE950210331E30067CAB8 /* MessageHelper.swift */ = {isa = PBXFileReference; lastKnownFileType = sourcecode.swift; path = MessageHelper.swift; sourceTree = "<group>"; };
		D6EBE9522103457B0067CAB8 /* CustomError.swift */ = {isa = PBXFileReference; lastKnownFileType = sourcecode.swift; path = CustomError.swift; sourceTree = "<group>"; };
		D6EBE95421035EA30067CAB8 /* Utils.swift */ = {isa = PBXFileReference; lastKnownFileType = sourcecode.swift; path = Utils.swift; sourceTree = "<group>"; };
		D6EBE9582104DFDF0067CAB8 /* Countries.swift */ = {isa = PBXFileReference; lastKnownFileType = sourcecode.swift; path = Countries.swift; sourceTree = "<group>"; };
		D800076220FC7C3100B1128A /* SignUpViewController.swift */ = {isa = PBXFileReference; lastKnownFileType = sourcecode.swift; path = SignUpViewController.swift; sourceTree = "<group>"; };
		D800076420FCC63400B1128A /* MainTabbarController.swift */ = {isa = PBXFileReference; lastKnownFileType = sourcecode.swift; path = MainTabbarController.swift; sourceTree = "<group>"; };
		D800076620FCC7DB00B1128A /* Switcher.swift */ = {isa = PBXFileReference; lastKnownFileType = sourcecode.swift; path = Switcher.swift; sourceTree = "<group>"; };
		D800076920FCCB0F00B1128A /* ProfileViewController.swift */ = {isa = PBXFileReference; lastKnownFileType = sourcecode.swift; path = ProfileViewController.swift; sourceTree = "<group>"; };
		D800076B20FCCF2900B1128A /* PricesViewController.swift */ = {isa = PBXFileReference; lastKnownFileType = sourcecode.swift; path = PricesViewController.swift; sourceTree = "<group>"; };
		D800076D20FCCF3900B1128A /* MapViewController.swift */ = {isa = PBXFileReference; lastKnownFileType = sourcecode.swift; path = MapViewController.swift; sourceTree = "<group>"; };
		D800076F20FCD9C200B1128A /* RoutesViewController.swift */ = {isa = PBXFileReference; lastKnownFileType = sourcecode.swift; path = RoutesViewController.swift; sourceTree = "<group>"; };
		D800077120FCD9D300B1128A /* VehicleRootVC.swift */ = {isa = PBXFileReference; lastKnownFileType = sourcecode.swift; path = VehicleRootVC.swift; sourceTree = "<group>"; };
		D800077E20FE280300B1128A /* L10n.swift */ = {isa = PBXFileReference; lastKnownFileType = sourcecode.swift; path = L10n.swift; sourceTree = "<group>"; };
		D838A66B213FED7B003E034E /* FuelPrices.swift */ = {isa = PBXFileReference; lastKnownFileType = sourcecode.swift; path = FuelPrices.swift; sourceTree = "<group>"; };
		D838A66D214102DA003E034E /* PasswordViewController.swift */ = {isa = PBXFileReference; lastKnownFileType = sourcecode.swift; path = PasswordViewController.swift; sourceTree = "<group>"; };
		D838A66F2142BEAA003E034E /* MapLocationSelectorVC.swift */ = {isa = PBXFileReference; lastKnownFileType = sourcecode.swift; path = MapLocationSelectorVC.swift; sourceTree = "<group>"; };
		D838A6712142C0FC003E034E /* MapLocationSelector.storyboard */ = {isa = PBXFileReference; lastKnownFileType = file.storyboard; path = MapLocationSelector.storyboard; sourceTree = "<group>"; };
		D898649B2101BF7B00E46477 /* LoginFailResponse.swift */ = {isa = PBXFileReference; lastKnownFileType = sourcecode.swift; path = LoginFailResponse.swift; sourceTree = "<group>"; };
		D898649E2101D3D900E46477 /* UserEndpoint.swift */ = {isa = PBXFileReference; lastKnownFileType = sourcecode.swift; path = UserEndpoint.swift; sourceTree = "<group>"; };
		D89864A021020F9A00E46477 /* ServerResponse.swift */ = {isa = PBXFileReference; lastKnownFileType = sourcecode.swift; path = ServerResponse.swift; sourceTree = "<group>"; };
		D8A92A66216CF58700F2C4EE /* FacebookUser.swift */ = {isa = PBXFileReference; lastKnownFileType = sourcecode.swift; path = FacebookUser.swift; sourceTree = "<group>"; };
		D8A92A682188685700F2C4EE /* VehicleResponse.swift */ = {isa = PBXFileReference; lastKnownFileType = sourcecode.swift; path = VehicleResponse.swift; sourceTree = "<group>"; };
		D8A92A6A21886CF100F2C4EE /* AccountVehicle.swift */ = {isa = PBXFileReference; lastKnownFileType = sourcecode.swift; path = AccountVehicle.swift; sourceTree = "<group>"; };
		D8A92A6D218896E000F2C4EE /* AccountVehicleDetailVC.swift */ = {isa = PBXFileReference; lastKnownFileType = sourcecode.swift; path = AccountVehicleDetailVC.swift; sourceTree = "<group>"; };
		D8A92A6F2189DB4000F2C4EE /* NewVehicleRootVC.swift */ = {isa = PBXFileReference; lastKnownFileType = sourcecode.swift; path = NewVehicleRootVC.swift; sourceTree = "<group>"; };
		D8A92A712189DBAE00F2C4EE /* NewVehicleRootVC.storyboard */ = {isa = PBXFileReference; lastKnownFileType = file.storyboard; path = NewVehicleRootVC.storyboard; sourceTree = "<group>"; };
		D8A92A75218C2FFB00F2C4EE /* NewVehicleVM.swift */ = {isa = PBXFileReference; lastKnownFileType = sourcecode.swift; path = NewVehicleVM.swift; sourceTree = "<group>"; };
		D8A92A7B218C37DB00F2C4EE /* Model.swift */ = {isa = PBXFileReference; lastKnownFileType = sourcecode.swift; path = Model.swift; sourceTree = "<group>"; };
		D8AC81D021469D6A0052E472 /* CoreLocation.framework */ = {isa = PBXFileReference; lastKnownFileType = wrapper.framework; name = CoreLocation.framework; path = System/Library/Frameworks/CoreLocation.framework; sourceTree = SDKROOT; };
		D8B26417211B2055000E814F /* TokenController.swift */ = {isa = PBXFileReference; lastKnownFileType = sourcecode.swift; path = TokenController.swift; sourceTree = "<group>"; };
		D8B4236721022C7C009A5B7B /* LoginSuccessResponse.swift */ = {isa = PBXFileReference; lastKnownFileType = sourcecode.swift; path = LoginSuccessResponse.swift; sourceTree = "<group>"; };
		D8E699FD20FF34A4005484CA /* User.swift */ = {isa = PBXFileReference; lastKnownFileType = sourcecode.swift; path = User.swift; sourceTree = "<group>"; };
		D8E699FF20FF80D7005484CA /* Country.swift */ = {isa = PBXFileReference; lastKnownFileType = sourcecode.swift; path = Country.swift; sourceTree = "<group>"; };
		D8E69A0121009F90005484CA /* NationEndpoint.swift */ = {isa = PBXFileReference; lastKnownFileType = sourcecode.swift; path = NationEndpoint.swift; sourceTree = "<group>"; };
		D8E69A032100A09F005484CA /* APIClient.swift */ = {isa = PBXFileReference; lastKnownFileType = sourcecode.swift; path = APIClient.swift; sourceTree = "<group>"; };
		D8E69A052100A0D4005484CA /* Constants.swift */ = {isa = PBXFileReference; lastKnownFileType = sourcecode.swift; path = Constants.swift; sourceTree = "<group>"; };
		D8E69A092100E065005484CA /* APIConfiguration.swift */ = {isa = PBXFileReference; lastKnownFileType = sourcecode.swift; path = APIConfiguration.swift; sourceTree = "<group>"; };
		D8E69A0B2100E0BD005484CA /* LoginEndpoint.swift */ = {isa = PBXFileReference; lastKnownFileType = sourcecode.swift; path = LoginEndpoint.swift; sourceTree = "<group>"; };
/* End PBXFileReference section */

/* Begin PBXFrameworksBuildPhase section */
		D6D66A8220F9FB6D003B7C75 /* Frameworks */ = {
			isa = PBXFrameworksBuildPhase;
			buildActionMask = 2147483647;
			files = (
				399FC8B1A6BDAE3824F3DCDA /* Pods_kacagiderim_beta.framework in Frameworks */,
			);
			runOnlyForDeploymentPostprocessing = 0;
		};
/* End PBXFrameworksBuildPhase section */

/* Begin PBXGroup section */
		19141FCE65D4CF05EB58ABFF /* Frameworks */ = {
			isa = PBXGroup;
			children = (
				D8AC81D021469D6A0052E472 /* CoreLocation.framework */,
				3DC057F6869B00DA6B54F3C1 /* Pods_kacagiderim_beta.framework */,
			);
			name = Frameworks;
			sourceTree = "<group>";
		};
		501F523578B8B7F449918FE6 /* Pods */ = {
			isa = PBXGroup;
			children = (
				D695B7266CA73A8F19F59151 /* Pods-kacagiderim_beta.debug.xcconfig */,
				B1D735496F795E5A69644DAB /* Pods-kacagiderim_beta.release.xcconfig */,
			);
			name = Pods;
			sourceTree = "<group>";
		};
		D63FE2E1218611BD007F0946 /* Vehicle */ = {
			isa = PBXGroup;
			children = (
				D63FE2DF218610ED007F0946 /* AccountVehicleVM.swift */,
				D63FE2E4218612E2007F0946 /* AccountVehicleVC.swift */,
				D8A92A6D218896E000F2C4EE /* AccountVehicleDetailVC.swift */,
				D667F80221A4990A00819B56 /* AccountVehicleDetailVM.swift */,
				D8A92A6F2189DB4000F2C4EE /* NewVehicleRootVC.swift */,
				D8A92A75218C2FFB00F2C4EE /* NewVehicleVM.swift */,
				D6200AD4218F750900FDFB26 /* NewVehicleVC.swift */,
				D6C73C2721B6B89D0058AB2D /* SearchVehicleVC.swift */,
				D6C73C2921B6B9450058AB2D /* SearchVehicleVM.swift */,
				D6C73C2D21B6DB570058AB2D /* SearchVehicleRootVC.swift */,
			);
			path = Vehicle;
			sourceTree = "<group>";
		};
		D6C73C3021B8559D0058AB2D /* Profile */ = {
			isa = PBXGroup;
			children = (
				D6C73C3321B856250058AB2D /* ProfileVM.swift */,
				D6C73C3521B856E00058AB2D /* ProfileVC.swift */,
				D6C73C3721B962410058AB2D /* ProfileMetricsVC.swift */,
				D6C73C3921B97ECB0058AB2D /* ProfileLocationVC.swift */,
				D6C73C3B21B9800D0058AB2D /* ProfileFavouriteVC.swift */,
				D63F811B21BBC58C00C62855 /* ProfileFavouriteVM.swift */,
				D63F811D21BD65B000C62855 /* ProfileLocationSelectorVM.swift */,
				D63F811F21BD6F7900C62855 /* ProfileLocationSelectorVC.swift */,
			);
			path = Profile;
			sourceTree = "<group>";
		};
		D6D66A7C20F9FB6D003B7C75 = {
			isa = PBXGroup;
			children = (
				D6D66A8720F9FB6E003B7C75 /* kacagiderim_beta */,
				D6D66A8620F9FB6E003B7C75 /* Products */,
				501F523578B8B7F449918FE6 /* Pods */,
				19141FCE65D4CF05EB58ABFF /* Frameworks */,
			);
			sourceTree = "<group>";
		};
		D6D66A8620F9FB6E003B7C75 /* Products */ = {
			isa = PBXGroup;
			children = (
				D6D66A8520F9FB6E003B7C75 /* kacagiderim_beta.app */,
			);
			name = Products;
			sourceTree = "<group>";
		};
		D6D66A8720F9FB6E003B7C75 /* kacagiderim_beta */ = {
			isa = PBXGroup;
			children = (
				D6EBE94F210331D30067CAB8 /* CommonUI */,
				D800077D20FE27E000B1128A /* CommonUtils */,
				D800077A20FE274300B1128A /* Model */,
				D800077320FE220B00B1128A /* API */,
				D800076820FCCAF800B1128A /* Tabbar */,
				D6D66A9C20FA0D1E003B7C75 /* Login */,
				D6D66A8820F9FB6E003B7C75 /* AppDelegate.swift */,
				D800076620FCC7DB00B1128A /* Switcher.swift */,
				D6D66A8C20F9FB6E003B7C75 /* Main.storyboard */,
				D6D66A8F20F9FB6E003B7C75 /* Assets.xcassets */,
				D6D66A9120F9FB6E003B7C75 /* LaunchScreen.storyboard */,
				D6D66A9420F9FB6E003B7C75 /* Info.plist */,
				D838A6712142C0FC003E034E /* MapLocationSelector.storyboard */,
				D6C73C2B21B6C23A0058AB2D /* SearchVehicleRootVC.storyboard */,
				D8A92A712189DBAE00F2C4EE /* NewVehicleRootVC.storyboard */,
			);
			path = kacagiderim_beta;
			sourceTree = "<group>";
		};
		D6D66A9C20FA0D1E003B7C75 /* Login */ = {
			isa = PBXGroup;
			children = (
				D6D66A8A20F9FB6E003B7C75 /* SignInViewController.swift */,
				D6D66AA120FA5909003B7C75 /* LoginViewController.swift */,
				D800076220FC7C3100B1128A /* SignUpViewController.swift */,
			);
			path = Login;
			sourceTree = "<group>";
		};
		D6EBE94F210331D30067CAB8 /* CommonUI */ = {
			isa = PBXGroup;
			children = (
				D6EBE950210331E30067CAB8 /* MessageHelper.swift */,
				D6A0D7AF211F3F460019C7FA /* FuelPriceCollectionViewCell.swift */,
				D6A0D7B1211F412C0019C7FA /* FuelPriceCollectionViewDataSource.swift */,
				D6C29B1E213C940100054110 /* MyCustomTableViewCell.swift */,
				D6C29B2021407EC000054110 /* CustomCardPartTheme.swift */,
				D6C29B2221407FF700054110 /* ExtensionUIColor.swift */,
				D6C29B242140808300054110 /* ExtensionUIFont.swift */,
				D63FE2C721753A18007F0946 /* PopupHandler.swift */,
				D63FE2D72185F77C007F0946 /* CarTableViewCell.swift */,
				D6DD2455219D5C190016945E /* CarSearchTableViewCell.swift */,
				D6200AD6218F8A9B00FDFB26 /* VehicleCollectionViewCell.swift */,
				D65A85D621A80DE60020D3DE /* CardPartsUtil.swift */,
				D65A85D821AF35500020D3DE /* BaseCardPartsViewController.swift */,
			);
			path = CommonUI;
			sourceTree = "<group>";
		};
		D800076820FCCAF800B1128A /* Tabbar */ = {
			isa = PBXGroup;
			children = (
				D6C73C3021B8559D0058AB2D /* Profile */,
				D63FE2E1218611BD007F0946 /* Vehicle */,
				D800076420FCC63400B1128A /* MainTabbarController.swift */,
				D800076920FCCB0F00B1128A /* ProfileViewController.swift */,
				D800076B20FCCF2900B1128A /* PricesViewController.swift */,
				D800076D20FCCF3900B1128A /* MapViewController.swift */,
				D800076F20FCD9C200B1128A /* RoutesViewController.swift */,
				D800077120FCD9D300B1128A /* VehicleRootVC.swift */,
				D838A66D214102DA003E034E /* PasswordViewController.swift */,
				D838A66F2142BEAA003E034E /* MapLocationSelectorVC.swift */,
				D6C73C3121B855B80058AB2D /* ProfileRootVC.swift */,
			);
			path = Tabbar;
			sourceTree = "<group>";
		};
		D800077320FE220B00B1128A /* API */ = {
			isa = PBXGroup;
			children = (
				D898649D2101D3BE00E46477 /* Endpoints */,
				D8E69A032100A09F005484CA /* APIClient.swift */,
				D8E69A052100A0D4005484CA /* Constants.swift */,
				D8E69A092100E065005484CA /* APIConfiguration.swift */,
				D8B26417211B2055000E814F /* TokenController.swift */,
			);
			path = API;
			sourceTree = "<group>";
		};
		D800077A20FE274300B1128A /* Model */ = {
			isa = PBXGroup;
			children = (
				D8E699FD20FF34A4005484CA /* User.swift */,
				D8E699FF20FF80D7005484CA /* Country.swift */,
				D6A0D7B7212082C80019C7FA /* City.swift */,
				D6A0D7B92120837B0019C7FA /* Cities.swift */,
				D6EBE9582104DFDF0067CAB8 /* Countries.swift */,
				D89864A021020F9A00E46477 /* ServerResponse.swift */,
				D8B4236721022C7C009A5B7B /* LoginSuccessResponse.swift */,
				D898649B2101BF7B00E46477 /* LoginFailResponse.swift */,
				D6A0D7AD211F2FAC0019C7FA /* FuelPrice.swift */,
				D838A66B213FED7B003E034E /* FuelPrices.swift */,
				D8A92A66216CF58700F2C4EE /* FacebookUser.swift */,
				D63FE2CF21848E5E007F0946 /* Brand.swift */,
				D63FE2D121848EB0007F0946 /* Brands.swift */,
				D63FE2D32184925C007F0946 /* PageResponse.swift */,
				D63FE2D92185FAF5007F0946 /* Detail.swift */,
				D8A92A682188685700F2C4EE /* VehicleResponse.swift */,
				D8A92A6A21886CF100F2C4EE /* AccountVehicle.swift */,
				D8A92A7B218C37DB00F2C4EE /* Model.swift */,
				D645B9E62191B0C9005135C7 /* Engine.swift */,
				D645B9E82191BB4B005135C7 /* Version.swift */,
				D6E8EC4B21B2BDCE001D68B1 /* Packet.swift */,
			);
			path = Model;
			sourceTree = "<group>";
		};
		D800077D20FE27E000B1128A /* CommonUtils */ = {
			isa = PBXGroup;
			children = (
				D800077E20FE280300B1128A /* L10n.swift */,
				D6EBE9522103457B0067CAB8 /* CustomError.swift */,
				D6EBE95421035EA30067CAB8 /* Utils.swift */,
				D63FE2BD216FDCC8007F0946 /* Font.swift */,
				D63FE2BF216FDD42007F0946 /* UIColor+Utils.swift */,
				D63FE2C1216FDE78007F0946 /* UIScreen+Utils.swift */,
				D63FE2C3216FDECC007F0946 /* CGRect+Utils.swift */,
				D63FE2DB21860C92007F0946 /* DefaultsManager.swift */,
				D645B9E421903351005135C7 /* ImageManager.swift */,
				D645B9EC21983729005135C7 /* FormFieldPresetFactory.swift */,
				D645B9EE219A0305005135C7 /* AuthManager.swift */,
				D645B9F0219B688C005135C7 /* UIButton+Utils.swift */,
				D63F812121BD7E0300C62855 /* UIView+Utils.swift */,
			);
			path = CommonUtils;
			sourceTree = "<group>";
		};
		D898649D2101D3BE00E46477 /* Endpoints */ = {
			isa = PBXGroup;
			children = (
				D8E69A0B2100E0BD005484CA /* LoginEndpoint.swift */,
				D8E69A0121009F90005484CA /* NationEndpoint.swift */,
				D898649E2101D3D900E46477 /* UserEndpoint.swift */,
				D6A0D7AB211F2A530019C7FA /* FuelEndpoint.swift */,
				D63FE2CD218489F1007F0946 /* CarEndpoint.swift */,
				D63FE2D521849B80007F0946 /* AccountEndpoint.swift */,
			);
			path = Endpoints;
			sourceTree = "<group>";
		};
/* End PBXGroup section */

/* Begin PBXNativeTarget section */
		D6D66A8420F9FB6D003B7C75 /* kacagiderim_beta */ = {
			isa = PBXNativeTarget;
			buildConfigurationList = D6D66A9720F9FB6E003B7C75 /* Build configuration list for PBXNativeTarget "kacagiderim_beta" */;
			buildPhases = (
				F98971718E7C7A16450A8D08 /* [CP] Check Pods Manifest.lock */,
				D6D66A8120F9FB6D003B7C75 /* Sources */,
				D6D66A8220F9FB6D003B7C75 /* Frameworks */,
				D6D66A8320F9FB6D003B7C75 /* Resources */,
				4C382372DB8AA392829CEDED /* [CP] Embed Pods Frameworks */,
				72FBFFAE0E69ED57E2D576AA /* [CP] Copy Pods Resources */,
			);
			buildRules = (
			);
			dependencies = (
			);
			name = kacagiderim_beta;
			productName = kacagiderim_beta;
			productReference = D6D66A8520F9FB6E003B7C75 /* kacagiderim_beta.app */;
			productType = "com.apple.product-type.application";
		};
/* End PBXNativeTarget section */

/* Begin PBXProject section */
		D6D66A7D20F9FB6D003B7C75 /* Project object */ = {
			isa = PBXProject;
			attributes = {
				LastSwiftUpdateCheck = 0920;
				LastUpgradeCheck = 0940;
				ORGANIZATIONNAME = kacagiderim;
				TargetAttributes = {
					D6D66A8420F9FB6D003B7C75 = {
						CreatedOnToolsVersion = 9.2;
						ProvisioningStyle = Automatic;
					};
				};
			};
			buildConfigurationList = D6D66A8020F9FB6D003B7C75 /* Build configuration list for PBXProject "kacagiderim_beta" */;
			compatibilityVersion = "Xcode 8.0";
			developmentRegion = en;
			hasScannedForEncodings = 0;
			knownRegions = (
				en,
				Base,
			);
			mainGroup = D6D66A7C20F9FB6D003B7C75;
			productRefGroup = D6D66A8620F9FB6E003B7C75 /* Products */;
			projectDirPath = "";
			projectRoot = "";
			targets = (
				D6D66A8420F9FB6D003B7C75 /* kacagiderim_beta */,
			);
		};
/* End PBXProject section */

/* Begin PBXResourcesBuildPhase section */
		D6D66A8320F9FB6D003B7C75 /* Resources */ = {
			isa = PBXResourcesBuildPhase;
			buildActionMask = 2147483647;
			files = (
				D6C73C2C21B6C23A0058AB2D /* SearchVehicleRootVC.storyboard in Resources */,
				D6D66A9320F9FB6E003B7C75 /* LaunchScreen.storyboard in Resources */,
				D838A6722142C0FC003E034E /* MapLocationSelector.storyboard in Resources */,
				D6D66A9020F9FB6E003B7C75 /* Assets.xcassets in Resources */,
				D8A92A722189DBAE00F2C4EE /* NewVehicleRootVC.storyboard in Resources */,
				D6D66A8E20F9FB6E003B7C75 /* Main.storyboard in Resources */,
			);
			runOnlyForDeploymentPostprocessing = 0;
		};
/* End PBXResourcesBuildPhase section */

/* Begin PBXShellScriptBuildPhase section */
		4C382372DB8AA392829CEDED /* [CP] Embed Pods Frameworks */ = {
			isa = PBXShellScriptBuildPhase;
			buildActionMask = 2147483647;
			files = (
			);
			inputPaths = (
				"${SRCROOT}/Pods/Target Support Files/Pods-kacagiderim_beta/Pods-kacagiderim_beta-frameworks.sh",
				"${BUILT_PRODUCTS_DIR}/Alamofire/Alamofire.framework",
				"${BUILT_PRODUCTS_DIR}/Bolts/Bolts.framework",
				"${BUILT_PRODUCTS_DIR}/CHIPageControl/CHIPageControl.framework",
				"${BUILT_PRODUCTS_DIR}/CardParts/CardParts.framework",
				"${BUILT_PRODUCTS_DIR}/DCKit/DCKit.framework",
				"${BUILT_PRODUCTS_DIR}/DefaultsKit/DefaultsKit.framework",
				"${BUILT_PRODUCTS_DIR}/Differentiator/Differentiator.framework",
				"${BUILT_PRODUCTS_DIR}/EGFormValidator/EGFormValidator.framework",
				"${BUILT_PRODUCTS_DIR}/FBSDKCoreKit/FBSDKCoreKit.framework",
				"${BUILT_PRODUCTS_DIR}/FBSDKLoginKit/FBSDKLoginKit.framework",
				"${BUILT_PRODUCTS_DIR}/FBSDKShareKit/FBSDKShareKit.framework",
				"${BUILT_PRODUCTS_DIR}/FacebookCore/FacebookCore.framework",
				"${BUILT_PRODUCTS_DIR}/FacebookLogin/FacebookLogin.framework",
				"${BUILT_PRODUCTS_DIR}/FacebookShare/FacebookShare.framework",
				"${BUILT_PRODUCTS_DIR}/GTMOAuth2/GTMOAuth2.framework",
				"${BUILT_PRODUCTS_DIR}/GTMSessionFetcher/GTMSessionFetcher.framework",
				"${BUILT_PRODUCTS_DIR}/GoogleToolboxForMac/GoogleToolboxForMac.framework",
				"${BUILT_PRODUCTS_DIR}/KeychainSwift/KeychainSwift.framework",
				"${BUILT_PRODUCTS_DIR}/Kingfisher/Kingfisher.framework",
				"${BUILT_PRODUCTS_DIR}/McPicker/McPicker.framework",
				"${BUILT_PRODUCTS_DIR}/NVActivityIndicatorView/NVActivityIndicatorView.framework",
				"${BUILT_PRODUCTS_DIR}/QuickLayout/QuickLayout.framework",
				"${BUILT_PRODUCTS_DIR}/RxCocoa/RxCocoa.framework",
				"${BUILT_PRODUCTS_DIR}/RxDataSources/RxDataSources.framework",
				"${BUILT_PRODUCTS_DIR}/RxGesture/RxGesture.framework",
				"${BUILT_PRODUCTS_DIR}/RxSwift/RxSwift.framework",
				"${BUILT_PRODUCTS_DIR}/SwiftEntryKit/SwiftEntryKit.framework",
				"${BUILT_PRODUCTS_DIR}/TextFieldEffects/TextFieldEffects.framework",
			);
			name = "[CP] Embed Pods Frameworks";
			outputPaths = (
				"${TARGET_BUILD_DIR}/${FRAMEWORKS_FOLDER_PATH}/Alamofire.framework",
				"${TARGET_BUILD_DIR}/${FRAMEWORKS_FOLDER_PATH}/Bolts.framework",
				"${TARGET_BUILD_DIR}/${FRAMEWORKS_FOLDER_PATH}/CHIPageControl.framework",
				"${TARGET_BUILD_DIR}/${FRAMEWORKS_FOLDER_PATH}/CardParts.framework",
				"${TARGET_BUILD_DIR}/${FRAMEWORKS_FOLDER_PATH}/DCKit.framework",
				"${TARGET_BUILD_DIR}/${FRAMEWORKS_FOLDER_PATH}/DefaultsKit.framework",
				"${TARGET_BUILD_DIR}/${FRAMEWORKS_FOLDER_PATH}/Differentiator.framework",
				"${TARGET_BUILD_DIR}/${FRAMEWORKS_FOLDER_PATH}/EGFormValidator.framework",
				"${TARGET_BUILD_DIR}/${FRAMEWORKS_FOLDER_PATH}/FBSDKCoreKit.framework",
				"${TARGET_BUILD_DIR}/${FRAMEWORKS_FOLDER_PATH}/FBSDKLoginKit.framework",
				"${TARGET_BUILD_DIR}/${FRAMEWORKS_FOLDER_PATH}/FBSDKShareKit.framework",
				"${TARGET_BUILD_DIR}/${FRAMEWORKS_FOLDER_PATH}/FacebookCore.framework",
				"${TARGET_BUILD_DIR}/${FRAMEWORKS_FOLDER_PATH}/FacebookLogin.framework",
				"${TARGET_BUILD_DIR}/${FRAMEWORKS_FOLDER_PATH}/FacebookShare.framework",
				"${TARGET_BUILD_DIR}/${FRAMEWORKS_FOLDER_PATH}/GTMOAuth2.framework",
				"${TARGET_BUILD_DIR}/${FRAMEWORKS_FOLDER_PATH}/GTMSessionFetcher.framework",
				"${TARGET_BUILD_DIR}/${FRAMEWORKS_FOLDER_PATH}/GoogleToolboxForMac.framework",
				"${TARGET_BUILD_DIR}/${FRAMEWORKS_FOLDER_PATH}/KeychainSwift.framework",
				"${TARGET_BUILD_DIR}/${FRAMEWORKS_FOLDER_PATH}/Kingfisher.framework",
				"${TARGET_BUILD_DIR}/${FRAMEWORKS_FOLDER_PATH}/McPicker.framework",
				"${TARGET_BUILD_DIR}/${FRAMEWORKS_FOLDER_PATH}/NVActivityIndicatorView.framework",
				"${TARGET_BUILD_DIR}/${FRAMEWORKS_FOLDER_PATH}/QuickLayout.framework",
				"${TARGET_BUILD_DIR}/${FRAMEWORKS_FOLDER_PATH}/RxCocoa.framework",
				"${TARGET_BUILD_DIR}/${FRAMEWORKS_FOLDER_PATH}/RxDataSources.framework",
				"${TARGET_BUILD_DIR}/${FRAMEWORKS_FOLDER_PATH}/RxGesture.framework",
				"${TARGET_BUILD_DIR}/${FRAMEWORKS_FOLDER_PATH}/RxSwift.framework",
				"${TARGET_BUILD_DIR}/${FRAMEWORKS_FOLDER_PATH}/SwiftEntryKit.framework",
				"${TARGET_BUILD_DIR}/${FRAMEWORKS_FOLDER_PATH}/TextFieldEffects.framework",
			);
			runOnlyForDeploymentPostprocessing = 0;
			shellPath = /bin/sh;
			shellScript = "\"${SRCROOT}/Pods/Target Support Files/Pods-kacagiderim_beta/Pods-kacagiderim_beta-frameworks.sh\"\n";
			showEnvVarsInLog = 0;
		};
		72FBFFAE0E69ED57E2D576AA /* [CP] Copy Pods Resources */ = {
			isa = PBXShellScriptBuildPhase;
			buildActionMask = 2147483647;
			files = (
			);
			inputPaths = (
				"${SRCROOT}/Pods/Target Support Files/Pods-kacagiderim_beta/Pods-kacagiderim_beta-resources.sh",
				"${PODS_ROOT}/GoogleMaps/Maps/Frameworks/GoogleMaps.framework/Resources/GoogleMaps.bundle",
				"${PODS_ROOT}/GooglePlaces/Frameworks/GooglePlaces.framework/Resources/GooglePlaces.bundle",
				"${PODS_ROOT}/GoogleSignIn/Resources/GoogleSignIn.bundle",
			);
			name = "[CP] Copy Pods Resources";
			outputPaths = (
				"${TARGET_BUILD_DIR}/${UNLOCALIZED_RESOURCES_FOLDER_PATH}/GoogleMaps.bundle",
				"${TARGET_BUILD_DIR}/${UNLOCALIZED_RESOURCES_FOLDER_PATH}/GooglePlaces.bundle",
				"${TARGET_BUILD_DIR}/${UNLOCALIZED_RESOURCES_FOLDER_PATH}/GoogleSignIn.bundle",
			);
			runOnlyForDeploymentPostprocessing = 0;
			shellPath = /bin/sh;
			shellScript = "\"${SRCROOT}/Pods/Target Support Files/Pods-kacagiderim_beta/Pods-kacagiderim_beta-resources.sh\"\n";
			showEnvVarsInLog = 0;
		};
		F98971718E7C7A16450A8D08 /* [CP] Check Pods Manifest.lock */ = {
			isa = PBXShellScriptBuildPhase;
			buildActionMask = 2147483647;
			files = (
			);
			inputPaths = (
				"${PODS_PODFILE_DIR_PATH}/Podfile.lock",
				"${PODS_ROOT}/Manifest.lock",
			);
			name = "[CP] Check Pods Manifest.lock";
			outputPaths = (
				"$(DERIVED_FILE_DIR)/Pods-kacagiderim_beta-checkManifestLockResult.txt",
			);
			runOnlyForDeploymentPostprocessing = 0;
			shellPath = /bin/sh;
			shellScript = "diff \"${PODS_PODFILE_DIR_PATH}/Podfile.lock\" \"${PODS_ROOT}/Manifest.lock\" > /dev/null\nif [ $? != 0 ] ; then\n    # print error to STDERR\n    echo \"error: The sandbox is not in sync with the Podfile.lock. Run 'pod install' or update your CocoaPods installation.\" >&2\n    exit 1\nfi\n# This output is used by Xcode 'outputs' to avoid re-running this script phase.\necho \"SUCCESS\" > \"${SCRIPT_OUTPUT_FILE_0}\"\n";
			showEnvVarsInLog = 0;
		};
/* End PBXShellScriptBuildPhase section */

/* Begin PBXSourcesBuildPhase section */
		D6D66A8120F9FB6D003B7C75 /* Sources */ = {
			isa = PBXSourcesBuildPhase;
			buildActionMask = 2147483647;
			files = (
				D63FE2C0216FDD42007F0946 /* UIColor+Utils.swift in Sources */,
				D6EBE9532103457B0067CAB8 /* CustomError.swift in Sources */,
				D63FE2E0218610ED007F0946 /* AccountVehicleVM.swift in Sources */,
				D8E69A062100A0D4005484CA /* Constants.swift in Sources */,
				D63FE2DC21860C92007F0946 /* DefaultsManager.swift in Sources */,
				D6C73C3A21B97ECB0058AB2D /* ProfileLocationVC.swift in Sources */,
				D8A92A6E218896E000F2C4EE /* AccountVehicleDetailVC.swift in Sources */,
				D800077F20FE280300B1128A /* L10n.swift in Sources */,
				D8B4236821022C7C009A5B7B /* LoginSuccessResponse.swift in Sources */,
				D645B9ED21983729005135C7 /* FormFieldPresetFactory.swift in Sources */,
				D898649C2101BF7B00E46477 /* LoginFailResponse.swift in Sources */,
				D8A92A76218C2FFB00F2C4EE /* NewVehicleVM.swift in Sources */,
				D838A66E214102DA003E034E /* PasswordViewController.swift in Sources */,
				D6C73C2E21B6DB570058AB2D /* SearchVehicleRootVC.swift in Sources */,
				D838A6702142BEAA003E034E /* MapLocationSelectorVC.swift in Sources */,
				D63FE2DA2185FAF5007F0946 /* Detail.swift in Sources */,
				D6EBE95521035EA30067CAB8 /* Utils.swift in Sources */,
				D63FE2D42184925C007F0946 /* PageResponse.swift in Sources */,
				D65A85D721A80DE60020D3DE /* CardPartsUtil.swift in Sources */,
				D6200AD7218F8A9B00FDFB26 /* VehicleCollectionViewCell.swift in Sources */,
				D6A0D7B0211F3F460019C7FA /* FuelPriceCollectionViewCell.swift in Sources */,
				D6C73C3221B855B80058AB2D /* ProfileRootVC.swift in Sources */,
				D6D66AA220FA5909003B7C75 /* LoginViewController.swift in Sources */,
				D6C73C3421B856250058AB2D /* ProfileVM.swift in Sources */,
				D667F80321A4990A00819B56 /* AccountVehicleDetailVM.swift in Sources */,
				D8E69A0C2100E0BD005484CA /* LoginEndpoint.swift in Sources */,
				D6C29B2321407FF700054110 /* ExtensionUIColor.swift in Sources */,
				D6E8EC4C21B2BDCE001D68B1 /* Packet.swift in Sources */,
				D6200AD5218F750900FDFB26 /* NewVehicleVC.swift in Sources */,
				D63FE2BE216FDCC8007F0946 /* Font.swift in Sources */,
				D6D66A8B20F9FB6E003B7C75 /* SignInViewController.swift in Sources */,
				D6C73C2A21B6B9450058AB2D /* SearchVehicleVM.swift in Sources */,
				D63FE2C821753A18007F0946 /* PopupHandler.swift in Sources */,
				D645B9EF219A0305005135C7 /* AuthManager.swift in Sources */,
				D63FE2C2216FDE78007F0946 /* UIScreen+Utils.swift in Sources */,
				D838A66C213FED7B003E034E /* FuelPrices.swift in Sources */,
				D65A85D921AF35500020D3DE /* BaseCardPartsViewController.swift in Sources */,
				D8A92A7C218C37DB00F2C4EE /* Model.swift in Sources */,
				D6C29B2121407EC000054110 /* CustomCardPartTheme.swift in Sources */,
				D645B9F1219B688C005135C7 /* UIButton+Utils.swift in Sources */,
				D63FE2D221848EB0007F0946 /* Brands.swift in Sources */,
				D63F811E21BD65B000C62855 /* ProfileLocationSelectorVM.swift in Sources */,
				D6C29B1F213C940100054110 /* MyCustomTableViewCell.swift in Sources */,
				D800076C20FCCF2900B1128A /* PricesViewController.swift in Sources */,
				D63FE2D621849B80007F0946 /* AccountEndpoint.swift in Sources */,
				D6C73C3821B962410058AB2D /* ProfileMetricsVC.swift in Sources */,
				D6A0D7BA2120837B0019C7FA /* Cities.swift in Sources */,
				D800076720FCC7DB00B1128A /* Switcher.swift in Sources */,
				D645B9E72191B0C9005135C7 /* Engine.swift in Sources */,
				D800077020FCD9C200B1128A /* RoutesViewController.swift in Sources */,
				D89864A121020F9A00E46477 /* ServerResponse.swift in Sources */,
				D800076E20FCCF3900B1128A /* MapViewController.swift in Sources */,
				D800076520FCC63400B1128A /* MainTabbarController.swift in Sources */,
				D8A92A692188685700F2C4EE /* VehicleResponse.swift in Sources */,
				D800076A20FCCB0F00B1128A /* ProfileViewController.swift in Sources */,
				D8E69A042100A09F005484CA /* APIClient.swift in Sources */,
				D800076320FC7C3100B1128A /* SignUpViewController.swift in Sources */,
				D645B9E92191BB4B005135C7 /* Version.swift in Sources */,
				D6A0D7AC211F2A530019C7FA /* FuelEndpoint.swift in Sources */,
				D6C73C2821B6B89E0058AB2D /* SearchVehicleVC.swift in Sources */,
				D6C29B252140808300054110 /* ExtensionUIFont.swift in Sources */,
				D8A92A67216CF58700F2C4EE /* FacebookUser.swift in Sources */,
				D6A0D7AE211F2FAC0019C7FA /* FuelPrice.swift in Sources */,
				D6D66A8920F9FB6E003B7C75 /* AppDelegate.swift in Sources */,
				D898649F2101D3D900E46477 /* UserEndpoint.swift in Sources */,
				D63F811C21BBC58C00C62855 /* ProfileFavouriteVM.swift in Sources */,
				D63FE2CE218489F1007F0946 /* CarEndpoint.swift in Sources */,
				D8E69A0A2100E065005484CA /* APIConfiguration.swift in Sources */,
				D6C73C3621B856E00058AB2D /* ProfileVC.swift in Sources */,
				D645B9E521903351005135C7 /* ImageManager.swift in Sources */,
				D63F812021BD6F7900C62855 /* ProfileLocationSelectorVC.swift in Sources */,
				D6EBE951210331E30067CAB8 /* MessageHelper.swift in Sources */,
				D6EBE9592104DFDF0067CAB8 /* Countries.swift in Sources */,
				D6DD2456219D5C190016945E /* CarSearchTableViewCell.swift in Sources */,
				D63FE2C4216FDECC007F0946 /* CGRect+Utils.swift in Sources */,
				D63F812221BD7E0300C62855 /* UIView+Utils.swift in Sources */,
				D6A0D7B8212082C80019C7FA /* City.swift in Sources */,
				D63FE2D021848E5E007F0946 /* Brand.swift in Sources */,
				D800077220FCD9D300B1128A /* VehicleRootVC.swift in Sources */,
				D63FE2E5218612E2007F0946 /* AccountVehicleVC.swift in Sources */,
				D8E69A0020FF80D7005484CA /* Country.swift in Sources */,
				D6C73C3C21B9800D0058AB2D /* ProfileFavouriteVC.swift in Sources */,
				D8B26418211B2055000E814F /* TokenController.swift in Sources */,
				D63FE2D82185F77C007F0946 /* CarTableViewCell.swift in Sources */,
				D8A92A702189DB4000F2C4EE /* NewVehicleRootVC.swift in Sources */,
				D8A92A6B21886CF100F2C4EE /* AccountVehicle.swift in Sources */,
				D8E69A0221009F90005484CA /* NationEndpoint.swift in Sources */,
				D6A0D7B2211F412C0019C7FA /* FuelPriceCollectionViewDataSource.swift in Sources */,
				D8E699FE20FF34A4005484CA /* User.swift in Sources */,
			);
			runOnlyForDeploymentPostprocessing = 0;
		};
/* End PBXSourcesBuildPhase section */

/* Begin PBXVariantGroup section */
		D6D66A8C20F9FB6E003B7C75 /* Main.storyboard */ = {
			isa = PBXVariantGroup;
			children = (
				D6D66A8D20F9FB6E003B7C75 /* Base */,
			);
			name = Main.storyboard;
			sourceTree = "<group>";
		};
		D6D66A9120F9FB6E003B7C75 /* LaunchScreen.storyboard */ = {
			isa = PBXVariantGroup;
			children = (
				D6D66A9220F9FB6E003B7C75 /* Base */,
			);
			name = LaunchScreen.storyboard;
			sourceTree = "<group>";
		};
/* End PBXVariantGroup section */

/* Begin XCBuildConfiguration section */
		D6D66A9520F9FB6E003B7C75 /* Debug */ = {
			isa = XCBuildConfiguration;
			buildSettings = {
				ALWAYS_SEARCH_USER_PATHS = NO;
				CLANG_ANALYZER_NONNULL = YES;
				CLANG_ANALYZER_NUMBER_OBJECT_CONVERSION = YES_AGGRESSIVE;
				CLANG_CXX_LANGUAGE_STANDARD = "gnu++14";
				CLANG_CXX_LIBRARY = "libc++";
				CLANG_ENABLE_MODULES = YES;
				CLANG_ENABLE_OBJC_ARC = YES;
				CLANG_WARN_BLOCK_CAPTURE_AUTORELEASING = YES;
				CLANG_WARN_BOOL_CONVERSION = YES;
				CLANG_WARN_COMMA = YES;
				CLANG_WARN_CONSTANT_CONVERSION = YES;
				CLANG_WARN_DEPRECATED_OBJC_IMPLEMENTATIONS = YES;
				CLANG_WARN_DIRECT_OBJC_ISA_USAGE = YES_ERROR;
				CLANG_WARN_DOCUMENTATION_COMMENTS = YES;
				CLANG_WARN_EMPTY_BODY = YES;
				CLANG_WARN_ENUM_CONVERSION = YES;
				CLANG_WARN_INFINITE_RECURSION = YES;
				CLANG_WARN_INT_CONVERSION = YES;
				CLANG_WARN_NON_LITERAL_NULL_CONVERSION = YES;
				CLANG_WARN_OBJC_IMPLICIT_RETAIN_SELF = YES;
				CLANG_WARN_OBJC_LITERAL_CONVERSION = YES;
				CLANG_WARN_OBJC_ROOT_CLASS = YES_ERROR;
				CLANG_WARN_RANGE_LOOP_ANALYSIS = YES;
				CLANG_WARN_STRICT_PROTOTYPES = YES;
				CLANG_WARN_SUSPICIOUS_MOVE = YES;
				CLANG_WARN_UNGUARDED_AVAILABILITY = YES_AGGRESSIVE;
				CLANG_WARN_UNREACHABLE_CODE = YES;
				CLANG_WARN__DUPLICATE_METHOD_MATCH = YES;
				CODE_SIGN_IDENTITY = "iPhone Developer";
				COPY_PHASE_STRIP = NO;
				DEBUG_INFORMATION_FORMAT = dwarf;
				ENABLE_STRICT_OBJC_MSGSEND = YES;
				ENABLE_TESTABILITY = YES;
				GCC_C_LANGUAGE_STANDARD = gnu11;
				GCC_DYNAMIC_NO_PIC = NO;
				GCC_NO_COMMON_BLOCKS = YES;
				GCC_OPTIMIZATION_LEVEL = 0;
				GCC_PREPROCESSOR_DEFINITIONS = (
					"DEBUG=1",
					"$(inherited)",
				);
				GCC_WARN_64_TO_32_BIT_CONVERSION = YES;
				GCC_WARN_ABOUT_RETURN_TYPE = YES_ERROR;
				GCC_WARN_UNDECLARED_SELECTOR = YES;
				GCC_WARN_UNINITIALIZED_AUTOS = YES_AGGRESSIVE;
				GCC_WARN_UNUSED_FUNCTION = YES;
				GCC_WARN_UNUSED_VARIABLE = YES;
				IPHONEOS_DEPLOYMENT_TARGET = 11.2;
				MTL_ENABLE_DEBUG_INFO = YES;
				ONLY_ACTIVE_ARCH = YES;
				SDKROOT = iphoneos;
				SWIFT_ACTIVE_COMPILATION_CONDITIONS = DEBUG;
				SWIFT_OPTIMIZATION_LEVEL = "-Onone";
				SWIFT_VERSION = 4.0;
			};
			name = Debug;
		};
		D6D66A9620F9FB6E003B7C75 /* Release */ = {
			isa = XCBuildConfiguration;
			buildSettings = {
				ALWAYS_SEARCH_USER_PATHS = NO;
				CLANG_ANALYZER_NONNULL = YES;
				CLANG_ANALYZER_NUMBER_OBJECT_CONVERSION = YES_AGGRESSIVE;
				CLANG_CXX_LANGUAGE_STANDARD = "gnu++14";
				CLANG_CXX_LIBRARY = "libc++";
				CLANG_ENABLE_MODULES = YES;
				CLANG_ENABLE_OBJC_ARC = YES;
				CLANG_WARN_BLOCK_CAPTURE_AUTORELEASING = YES;
				CLANG_WARN_BOOL_CONVERSION = YES;
				CLANG_WARN_COMMA = YES;
				CLANG_WARN_CONSTANT_CONVERSION = YES;
				CLANG_WARN_DEPRECATED_OBJC_IMPLEMENTATIONS = YES;
				CLANG_WARN_DIRECT_OBJC_ISA_USAGE = YES_ERROR;
				CLANG_WARN_DOCUMENTATION_COMMENTS = YES;
				CLANG_WARN_EMPTY_BODY = YES;
				CLANG_WARN_ENUM_CONVERSION = YES;
				CLANG_WARN_INFINITE_RECURSION = YES;
				CLANG_WARN_INT_CONVERSION = YES;
				CLANG_WARN_NON_LITERAL_NULL_CONVERSION = YES;
				CLANG_WARN_OBJC_IMPLICIT_RETAIN_SELF = YES;
				CLANG_WARN_OBJC_LITERAL_CONVERSION = YES;
				CLANG_WARN_OBJC_ROOT_CLASS = YES_ERROR;
				CLANG_WARN_RANGE_LOOP_ANALYSIS = YES;
				CLANG_WARN_STRICT_PROTOTYPES = YES;
				CLANG_WARN_SUSPICIOUS_MOVE = YES;
				CLANG_WARN_UNGUARDED_AVAILABILITY = YES_AGGRESSIVE;
				CLANG_WARN_UNREACHABLE_CODE = YES;
				CLANG_WARN__DUPLICATE_METHOD_MATCH = YES;
				CODE_SIGN_IDENTITY = "iPhone Developer";
				COPY_PHASE_STRIP = NO;
				DEBUG_INFORMATION_FORMAT = "dwarf-with-dsym";
				ENABLE_NS_ASSERTIONS = NO;
				ENABLE_STRICT_OBJC_MSGSEND = YES;
				GCC_C_LANGUAGE_STANDARD = gnu11;
				GCC_NO_COMMON_BLOCKS = YES;
				GCC_WARN_64_TO_32_BIT_CONVERSION = YES;
				GCC_WARN_ABOUT_RETURN_TYPE = YES_ERROR;
				GCC_WARN_UNDECLARED_SELECTOR = YES;
				GCC_WARN_UNINITIALIZED_AUTOS = YES_AGGRESSIVE;
				GCC_WARN_UNUSED_FUNCTION = YES;
				GCC_WARN_UNUSED_VARIABLE = YES;
				IPHONEOS_DEPLOYMENT_TARGET = 11.2;
				MTL_ENABLE_DEBUG_INFO = NO;
				SDKROOT = iphoneos;
				SWIFT_OPTIMIZATION_LEVEL = "-Owholemodule";
				SWIFT_VERSION = 4.0;
				VALIDATE_PRODUCT = YES;
			};
			name = Release;
		};
		D6D66A9820F9FB6E003B7C75 /* Debug */ = {
			isa = XCBuildConfiguration;
			baseConfigurationReference = D695B7266CA73A8F19F59151 /* Pods-kacagiderim_beta.debug.xcconfig */;
			buildSettings = {
				ASSETCATALOG_COMPILER_APPICON_NAME = AppIcon;
				CODE_SIGN_STYLE = Automatic;
				INFOPLIST_FILE = kacagiderim_beta/Info.plist;
				LD_RUNPATH_SEARCH_PATHS = "$(inherited) @executable_path/Frameworks";
				PRODUCT_BUNDLE_IDENTIFIER = "com.kacagiderim.kacagiderim-beta";
				PRODUCT_NAME = "$(TARGET_NAME)";
				SWIFT_VERSION = 4.2;
				TARGETED_DEVICE_FAMILY = "1,2";
			};
			name = Debug;
		};
		D6D66A9920F9FB6E003B7C75 /* Release */ = {
			isa = XCBuildConfiguration;
			baseConfigurationReference = B1D735496F795E5A69644DAB /* Pods-kacagiderim_beta.release.xcconfig */;
			buildSettings = {
				ASSETCATALOG_COMPILER_APPICON_NAME = AppIcon;
				CODE_SIGN_STYLE = Automatic;
				INFOPLIST_FILE = kacagiderim_beta/Info.plist;
				LD_RUNPATH_SEARCH_PATHS = "$(inherited) @executable_path/Frameworks";
				PRODUCT_BUNDLE_IDENTIFIER = "com.kacagiderim.kacagiderim-beta";
				PRODUCT_NAME = "$(TARGET_NAME)";
				SWIFT_VERSION = 4.2;
				TARGETED_DEVICE_FAMILY = "1,2";
			};
			name = Release;
		};
/* End XCBuildConfiguration section */

/* Begin XCConfigurationList section */
		D6D66A8020F9FB6D003B7C75 /* Build configuration list for PBXProject "kacagiderim_beta" */ = {
			isa = XCConfigurationList;
			buildConfigurations = (
				D6D66A9520F9FB6E003B7C75 /* Debug */,
				D6D66A9620F9FB6E003B7C75 /* Release */,
			);
			defaultConfigurationIsVisible = 0;
			defaultConfigurationName = Release;
		};
		D6D66A9720F9FB6E003B7C75 /* Build configuration list for PBXNativeTarget "kacagiderim_beta" */ = {
			isa = XCConfigurationList;
			buildConfigurations = (
				D6D66A9820F9FB6E003B7C75 /* Debug */,
				D6D66A9920F9FB6E003B7C75 /* Release */,
			);
			defaultConfigurationIsVisible = 0;
			defaultConfigurationName = Release;
		};
/* End XCConfigurationList section */
	};
	rootObject = D6D66A7D20F9FB6D003B7C75 /* Project object */;
}
