// !$*UTF8*$!
{
	archiveVersion = 1;
	classes = {
	};
	objectVersion = 48;
	objects = {

/* Begin PBXBuildFile section */
		399FC8B1A6BDAE3824F3DCDA /* Pods_kacagiderim_beta.framework in Frameworks */ = {isa = PBXBuildFile; fileRef = 3DC057F6869B00DA6B54F3C1 /* Pods_kacagiderim_beta.framework */; };
		D6A0D7AC211F2A530019C7FA /* FuelEndpoint.swift in Sources */ = {isa = PBXBuildFile; fileRef = D6A0D7AB211F2A530019C7FA /* FuelEndpoint.swift */; };
		D6A0D7AE211F2FAC0019C7FA /* FuelPrice.swift in Sources */ = {isa = PBXBuildFile; fileRef = D6A0D7AD211F2FAC0019C7FA /* FuelPrice.swift */; };
		D6A0D7B0211F3F460019C7FA /* FuelPriceCollectionViewCell.swift in Sources */ = {isa = PBXBuildFile; fileRef = D6A0D7AF211F3F460019C7FA /* FuelPriceCollectionViewCell.swift */; };
		D6A0D7B2211F412C0019C7FA /* FuelPriceCollectionViewDataSource.swift in Sources */ = {isa = PBXBuildFile; fileRef = D6A0D7B1211F412C0019C7FA /* FuelPriceCollectionViewDataSource.swift */; };
		D6A0D7B8212082C80019C7FA /* City.swift in Sources */ = {isa = PBXBuildFile; fileRef = D6A0D7B7212082C80019C7FA /* City.swift */; };
		D6A0D7BA2120837B0019C7FA /* Cities.swift in Sources */ = {isa = PBXBuildFile; fileRef = D6A0D7B92120837B0019C7FA /* Cities.swift */; };
		D6C29B1F213C940100054110 /* MyCustomTableViewCell.swift in Sources */ = {isa = PBXBuildFile; fileRef = D6C29B1E213C940100054110 /* MyCustomTableViewCell.swift */; };
		D6C29B2121407EC000054110 /* CustomCardPartTheme.swift in Sources */ = {isa = PBXBuildFile; fileRef = D6C29B2021407EC000054110 /* CustomCardPartTheme.swift */; };
		D6C29B2321407FF700054110 /* ExtensionUIColor.swift in Sources */ = {isa = PBXBuildFile; fileRef = D6C29B2221407FF700054110 /* ExtensionUIColor.swift */; };
		D6C29B252140808300054110 /* ExtensionUIFont.swift in Sources */ = {isa = PBXBuildFile; fileRef = D6C29B242140808300054110 /* ExtensionUIFont.swift */; };
		D6D66A8920F9FB6E003B7C75 /* AppDelegate.swift in Sources */ = {isa = PBXBuildFile; fileRef = D6D66A8820F9FB6E003B7C75 /* AppDelegate.swift */; };
		D6D66A8B20F9FB6E003B7C75 /* SignInViewController.swift in Sources */ = {isa = PBXBuildFile; fileRef = D6D66A8A20F9FB6E003B7C75 /* SignInViewController.swift */; };
		D6D66A8E20F9FB6E003B7C75 /* Main.storyboard in Resources */ = {isa = PBXBuildFile; fileRef = D6D66A8C20F9FB6E003B7C75 /* Main.storyboard */; };
		D6D66A9020F9FB6E003B7C75 /* Assets.xcassets in Resources */ = {isa = PBXBuildFile; fileRef = D6D66A8F20F9FB6E003B7C75 /* Assets.xcassets */; };
		D6D66A9320F9FB6E003B7C75 /* LaunchScreen.storyboard in Resources */ = {isa = PBXBuildFile; fileRef = D6D66A9120F9FB6E003B7C75 /* LaunchScreen.storyboard */; };
		D6D66AA220FA5909003B7C75 /* LoginViewController.swift in Sources */ = {isa = PBXBuildFile; fileRef = D6D66AA120FA5909003B7C75 /* LoginViewController.swift */; };
		D6EBE951210331E30067CAB8 /* MessageHelper.swift in Sources */ = {isa = PBXBuildFile; fileRef = D6EBE950210331E30067CAB8 /* MessageHelper.swift */; };
		D6EBE9532103457B0067CAB8 /* CustomError.swift in Sources */ = {isa = PBXBuildFile; fileRef = D6EBE9522103457B0067CAB8 /* CustomError.swift */; };
		D6EBE95521035EA30067CAB8 /* Utils.swift in Sources */ = {isa = PBXBuildFile; fileRef = D6EBE95421035EA30067CAB8 /* Utils.swift */; };
		D6EBE9592104DFDF0067CAB8 /* Countries.swift in Sources */ = {isa = PBXBuildFile; fileRef = D6EBE9582104DFDF0067CAB8 /* Countries.swift */; };
		D800076320FC7C3100B1128A /* SignUpViewController.swift in Sources */ = {isa = PBXBuildFile; fileRef = D800076220FC7C3100B1128A /* SignUpViewController.swift */; };
		D800076520FCC63400B1128A /* MainTabbarController.swift in Sources */ = {isa = PBXBuildFile; fileRef = D800076420FCC63400B1128A /* MainTabbarController.swift */; };
		D800076720FCC7DB00B1128A /* Switcher.swift in Sources */ = {isa = PBXBuildFile; fileRef = D800076620FCC7DB00B1128A /* Switcher.swift */; };
		D800076A20FCCB0F00B1128A /* ProfileViewController.swift in Sources */ = {isa = PBXBuildFile; fileRef = D800076920FCCB0F00B1128A /* ProfileViewController.swift */; };
		D800076C20FCCF2900B1128A /* PricesViewController.swift in Sources */ = {isa = PBXBuildFile; fileRef = D800076B20FCCF2900B1128A /* PricesViewController.swift */; };
		D800076E20FCCF3900B1128A /* MapViewController.swift in Sources */ = {isa = PBXBuildFile; fileRef = D800076D20FCCF3900B1128A /* MapViewController.swift */; };
		D800077020FCD9C200B1128A /* RoutesViewController.swift in Sources */ = {isa = PBXBuildFile; fileRef = D800076F20FCD9C200B1128A /* RoutesViewController.swift */; };
		D800077220FCD9D300B1128A /* CarsViewController.swift in Sources */ = {isa = PBXBuildFile; fileRef = D800077120FCD9D300B1128A /* CarsViewController.swift */; };
		D800077F20FE280300B1128A /* L10n.swift in Sources */ = {isa = PBXBuildFile; fileRef = D800077E20FE280300B1128A /* L10n.swift */; };
		D838A66C213FED7B003E034E /* FuelPrices.swift in Sources */ = {isa = PBXBuildFile; fileRef = D838A66B213FED7B003E034E /* FuelPrices.swift */; };
		D838A66E214102DA003E034E /* PasswordViewController.swift in Sources */ = {isa = PBXBuildFile; fileRef = D838A66D214102DA003E034E /* PasswordViewController.swift */; };
		D838A6702142BEAA003E034E /* MapLocationSelector.swift in Sources */ = {isa = PBXBuildFile; fileRef = D838A66F2142BEAA003E034E /* MapLocationSelector.swift */; };
		D838A6722142C0FC003E034E /* MapLocationSelector.storyboard in Resources */ = {isa = PBXBuildFile; fileRef = D838A6712142C0FC003E034E /* MapLocationSelector.storyboard */; };
		D86F692821231977006FF227 /* CustomCollectionViewController.swift in Sources */ = {isa = PBXBuildFile; fileRef = D86F692721231977006FF227 /* CustomCollectionViewController.swift */; };
		D898649C2101BF7B00E46477 /* LoginFailResponse.swift in Sources */ = {isa = PBXBuildFile; fileRef = D898649B2101BF7B00E46477 /* LoginFailResponse.swift */; };
		D898649F2101D3D900E46477 /* UserEndpoint.swift in Sources */ = {isa = PBXBuildFile; fileRef = D898649E2101D3D900E46477 /* UserEndpoint.swift */; };
		D89864A121020F9A00E46477 /* ServerResponse.swift in Sources */ = {isa = PBXBuildFile; fileRef = D89864A021020F9A00E46477 /* ServerResponse.swift */; };
		D8B26418211B2055000E814F /* TokenController.swift in Sources */ = {isa = PBXBuildFile; fileRef = D8B26417211B2055000E814F /* TokenController.swift */; };
		D8B4236821022C7C009A5B7B /* LoginSuccessResponse.swift in Sources */ = {isa = PBXBuildFile; fileRef = D8B4236721022C7C009A5B7B /* LoginSuccessResponse.swift */; };
		D8E699FE20FF34A4005484CA /* User.swift in Sources */ = {isa = PBXBuildFile; fileRef = D8E699FD20FF34A4005484CA /* User.swift */; };
		D8E69A0020FF80D7005484CA /* Country.swift in Sources */ = {isa = PBXBuildFile; fileRef = D8E699FF20FF80D7005484CA /* Country.swift */; };
		D8E69A0221009F90005484CA /* NationEndpoint.swift in Sources */ = {isa = PBXBuildFile; fileRef = D8E69A0121009F90005484CA /* NationEndpoint.swift */; };
		D8E69A042100A09F005484CA /* APIClient.swift in Sources */ = {isa = PBXBuildFile; fileRef = D8E69A032100A09F005484CA /* APIClient.swift */; };
		D8E69A062100A0D4005484CA /* Constants.swift in Sources */ = {isa = PBXBuildFile; fileRef = D8E69A052100A0D4005484CA /* Constants.swift */; };
		D8E69A0A2100E065005484CA /* APIConfiguration.swift in Sources */ = {isa = PBXBuildFile; fileRef = D8E69A092100E065005484CA /* APIConfiguration.swift */; };
		D8E69A0C2100E0BD005484CA /* LoginEndpoint.swift in Sources */ = {isa = PBXBuildFile; fileRef = D8E69A0B2100E0BD005484CA /* LoginEndpoint.swift */; };
/* End PBXBuildFile section */

/* Begin PBXFileReference section */
		3DC057F6869B00DA6B54F3C1 /* Pods_kacagiderim_beta.framework */ = {isa = PBXFileReference; explicitFileType = wrapper.framework; includeInIndex = 0; path = Pods_kacagiderim_beta.framework; sourceTree = BUILT_PRODUCTS_DIR; };
		B1D735496F795E5A69644DAB /* Pods-kacagiderim_beta.release.xcconfig */ = {isa = PBXFileReference; includeInIndex = 1; lastKnownFileType = text.xcconfig; name = "Pods-kacagiderim_beta.release.xcconfig"; path = "Pods/Target Support Files/Pods-kacagiderim_beta/Pods-kacagiderim_beta.release.xcconfig"; sourceTree = "<group>"; };
		D695B7266CA73A8F19F59151 /* Pods-kacagiderim_beta.debug.xcconfig */ = {isa = PBXFileReference; includeInIndex = 1; lastKnownFileType = text.xcconfig; name = "Pods-kacagiderim_beta.debug.xcconfig"; path = "Pods/Target Support Files/Pods-kacagiderim_beta/Pods-kacagiderim_beta.debug.xcconfig"; sourceTree = "<group>"; };
		D6A0D7AB211F2A530019C7FA /* FuelEndpoint.swift */ = {isa = PBXFileReference; lastKnownFileType = sourcecode.swift; path = FuelEndpoint.swift; sourceTree = "<group>"; };
		D6A0D7AD211F2FAC0019C7FA /* FuelPrice.swift */ = {isa = PBXFileReference; lastKnownFileType = sourcecode.swift; path = FuelPrice.swift; sourceTree = "<group>"; };
		D6A0D7AF211F3F460019C7FA /* FuelPriceCollectionViewCell.swift */ = {isa = PBXFileReference; lastKnownFileType = sourcecode.swift; path = FuelPriceCollectionViewCell.swift; sourceTree = "<group>"; };
		D6A0D7B1211F412C0019C7FA /* FuelPriceCollectionViewDataSource.swift */ = {isa = PBXFileReference; lastKnownFileType = sourcecode.swift; path = FuelPriceCollectionViewDataSource.swift; sourceTree = "<group>"; };
		D6A0D7B7212082C80019C7FA /* City.swift */ = {isa = PBXFileReference; lastKnownFileType = sourcecode.swift; path = City.swift; sourceTree = "<group>"; };
		D6A0D7B92120837B0019C7FA /* Cities.swift */ = {isa = PBXFileReference; lastKnownFileType = sourcecode.swift; path = Cities.swift; sourceTree = "<group>"; };
		D6C29B1E213C940100054110 /* MyCustomTableViewCell.swift */ = {isa = PBXFileReference; lastKnownFileType = sourcecode.swift; path = MyCustomTableViewCell.swift; sourceTree = "<group>"; };
		D6C29B2021407EC000054110 /* CustomCardPartTheme.swift */ = {isa = PBXFileReference; lastKnownFileType = sourcecode.swift; path = CustomCardPartTheme.swift; sourceTree = "<group>"; };
		D6C29B2221407FF700054110 /* ExtensionUIColor.swift */ = {isa = PBXFileReference; lastKnownFileType = sourcecode.swift; path = ExtensionUIColor.swift; sourceTree = "<group>"; };
		D6C29B242140808300054110 /* ExtensionUIFont.swift */ = {isa = PBXFileReference; lastKnownFileType = sourcecode.swift; path = ExtensionUIFont.swift; sourceTree = "<group>"; };
		D6D66A8520F9FB6E003B7C75 /* kacagiderim_beta.app */ = {isa = PBXFileReference; explicitFileType = wrapper.application; includeInIndex = 0; path = kacagiderim_beta.app; sourceTree = BUILT_PRODUCTS_DIR; };
		D6D66A8820F9FB6E003B7C75 /* AppDelegate.swift */ = {isa = PBXFileReference; lastKnownFileType = sourcecode.swift; path = AppDelegate.swift; sourceTree = "<group>"; };
		D6D66A8A20F9FB6E003B7C75 /* SignInViewController.swift */ = {isa = PBXFileReference; lastKnownFileType = sourcecode.swift; path = SignInViewController.swift; sourceTree = "<group>"; };
		D6D66A8D20F9FB6E003B7C75 /* Base */ = {isa = PBXFileReference; lastKnownFileType = file.storyboard; name = Base; path = Base.lproj/Main.storyboard; sourceTree = "<group>"; };
		D6D66A8F20F9FB6E003B7C75 /* Assets.xcassets */ = {isa = PBXFileReference; lastKnownFileType = folder.assetcatalog; path = Assets.xcassets; sourceTree = "<group>"; };
		D6D66A9220F9FB6E003B7C75 /* Base */ = {isa = PBXFileReference; lastKnownFileType = file.storyboard; name = Base; path = Base.lproj/LaunchScreen.storyboard; sourceTree = "<group>"; };
		D6D66A9420F9FB6E003B7C75 /* Info.plist */ = {isa = PBXFileReference; lastKnownFileType = text.plist.xml; path = Info.plist; sourceTree = "<group>"; };
		D6D66AA120FA5909003B7C75 /* LoginViewController.swift */ = {isa = PBXFileReference; lastKnownFileType = sourcecode.swift; path = LoginViewController.swift; sourceTree = "<group>"; };
		D6EBE950210331E30067CAB8 /* MessageHelper.swift */ = {isa = PBXFileReference; lastKnownFileType = sourcecode.swift; path = MessageHelper.swift; sourceTree = "<group>"; };
		D6EBE9522103457B0067CAB8 /* CustomError.swift */ = {isa = PBXFileReference; lastKnownFileType = sourcecode.swift; path = CustomError.swift; sourceTree = "<group>"; };
		D6EBE95421035EA30067CAB8 /* Utils.swift */ = {isa = PBXFileReference; lastKnownFileType = sourcecode.swift; path = Utils.swift; sourceTree = "<group>"; };
		D6EBE9582104DFDF0067CAB8 /* Countries.swift */ = {isa = PBXFileReference; lastKnownFileType = sourcecode.swift; path = Countries.swift; sourceTree = "<group>"; };
		D800076220FC7C3100B1128A /* SignUpViewController.swift */ = {isa = PBXFileReference; lastKnownFileType = sourcecode.swift; path = SignUpViewController.swift; sourceTree = "<group>"; };
		D800076420FCC63400B1128A /* MainTabbarController.swift */ = {isa = PBXFileReference; lastKnownFileType = sourcecode.swift; path = MainTabbarController.swift; sourceTree = "<group>"; };
		D800076620FCC7DB00B1128A /* Switcher.swift */ = {isa = PBXFileReference; lastKnownFileType = sourcecode.swift; path = Switcher.swift; sourceTree = "<group>"; };
		D800076920FCCB0F00B1128A /* ProfileViewController.swift */ = {isa = PBXFileReference; lastKnownFileType = sourcecode.swift; path = ProfileViewController.swift; sourceTree = "<group>"; };
		D800076B20FCCF2900B1128A /* PricesViewController.swift */ = {isa = PBXFileReference; lastKnownFileType = sourcecode.swift; path = PricesViewController.swift; sourceTree = "<group>"; };
		D800076D20FCCF3900B1128A /* MapViewController.swift */ = {isa = PBXFileReference; lastKnownFileType = sourcecode.swift; path = MapViewController.swift; sourceTree = "<group>"; };
		D800076F20FCD9C200B1128A /* RoutesViewController.swift */ = {isa = PBXFileReference; lastKnownFileType = sourcecode.swift; path = RoutesViewController.swift; sourceTree = "<group>"; };
		D800077120FCD9D300B1128A /* CarsViewController.swift */ = {isa = PBXFileReference; lastKnownFileType = sourcecode.swift; path = CarsViewController.swift; sourceTree = "<group>"; };
		D800077E20FE280300B1128A /* L10n.swift */ = {isa = PBXFileReference; lastKnownFileType = sourcecode.swift; path = L10n.swift; sourceTree = "<group>"; };
		D838A66B213FED7B003E034E /* FuelPrices.swift */ = {isa = PBXFileReference; lastKnownFileType = sourcecode.swift; path = FuelPrices.swift; sourceTree = "<group>"; };
		D838A66D214102DA003E034E /* PasswordViewController.swift */ = {isa = PBXFileReference; lastKnownFileType = sourcecode.swift; path = PasswordViewController.swift; sourceTree = "<group>"; };
		D838A66F2142BEAA003E034E /* MapLocationSelector.swift */ = {isa = PBXFileReference; lastKnownFileType = sourcecode.swift; path = MapLocationSelector.swift; sourceTree = "<group>"; };
		D838A6712142C0FC003E034E /* MapLocationSelector.storyboard */ = {isa = PBXFileReference; lastKnownFileType = file.storyboard; path = MapLocationSelector.storyboard; sourceTree = "<group>"; };
		D86F692721231977006FF227 /* CustomCollectionViewController.swift */ = {isa = PBXFileReference; lastKnownFileType = sourcecode.swift; path = CustomCollectionViewController.swift; sourceTree = "<group>"; };
		D898649B2101BF7B00E46477 /* LoginFailResponse.swift */ = {isa = PBXFileReference; lastKnownFileType = sourcecode.swift; path = LoginFailResponse.swift; sourceTree = "<group>"; };
		D898649E2101D3D900E46477 /* UserEndpoint.swift */ = {isa = PBXFileReference; lastKnownFileType = sourcecode.swift; path = UserEndpoint.swift; sourceTree = "<group>"; };
		D89864A021020F9A00E46477 /* ServerResponse.swift */ = {isa = PBXFileReference; lastKnownFileType = sourcecode.swift; path = ServerResponse.swift; sourceTree = "<group>"; };
		D8AC81D021469D6A0052E472 /* CoreLocation.framework */ = {isa = PBXFileReference; lastKnownFileType = wrapper.framework; name = CoreLocation.framework; path = System/Library/Frameworks/CoreLocation.framework; sourceTree = SDKROOT; };
		D8B26417211B2055000E814F /* TokenController.swift */ = {isa = PBXFileReference; lastKnownFileType = sourcecode.swift; path = TokenController.swift; sourceTree = "<group>"; };
		D8B4236721022C7C009A5B7B /* LoginSuccessResponse.swift */ = {isa = PBXFileReference; lastKnownFileType = sourcecode.swift; path = LoginSuccessResponse.swift; sourceTree = "<group>"; };
		D8E699FD20FF34A4005484CA /* User.swift */ = {isa = PBXFileReference; lastKnownFileType = sourcecode.swift; path = User.swift; sourceTree = "<group>"; };
		D8E699FF20FF80D7005484CA /* Country.swift */ = {isa = PBXFileReference; lastKnownFileType = sourcecode.swift; path = Country.swift; sourceTree = "<group>"; };
		D8E69A0121009F90005484CA /* NationEndpoint.swift */ = {isa = PBXFileReference; lastKnownFileType = sourcecode.swift; path = NationEndpoint.swift; sourceTree = "<group>"; };
		D8E69A032100A09F005484CA /* APIClient.swift */ = {isa = PBXFileReference; lastKnownFileType = sourcecode.swift; path = APIClient.swift; sourceTree = "<group>"; };
		D8E69A052100A0D4005484CA /* Constants.swift */ = {isa = PBXFileReference; lastKnownFileType = sourcecode.swift; path = Constants.swift; sourceTree = "<group>"; };
		D8E69A092100E065005484CA /* APIConfiguration.swift */ = {isa = PBXFileReference; lastKnownFileType = sourcecode.swift; path = APIConfiguration.swift; sourceTree = "<group>"; };
		D8E69A0B2100E0BD005484CA /* LoginEndpoint.swift */ = {isa = PBXFileReference; lastKnownFileType = sourcecode.swift; path = LoginEndpoint.swift; sourceTree = "<group>"; };
/* End PBXFileReference section */

/* Begin PBXFrameworksBuildPhase section */
		D6D66A8220F9FB6D003B7C75 /* Frameworks */ = {
			isa = PBXFrameworksBuildPhase;
			buildActionMask = 2147483647;
			files = (
				399FC8B1A6BDAE3824F3DCDA /* Pods_kacagiderim_beta.framework in Frameworks */,
			);
			runOnlyForDeploymentPostprocessing = 0;
		};
/* End PBXFrameworksBuildPhase section */

/* Begin PBXGroup section */
		19141FCE65D4CF05EB58ABFF /* Frameworks */ = {
			isa = PBXGroup;
			children = (
				D8AC81D021469D6A0052E472 /* CoreLocation.framework */,
				3DC057F6869B00DA6B54F3C1 /* Pods_kacagiderim_beta.framework */,
			);
			name = Frameworks;
			sourceTree = "<group>";
		};
		501F523578B8B7F449918FE6 /* Pods */ = {
			isa = PBXGroup;
			children = (
				D695B7266CA73A8F19F59151 /* Pods-kacagiderim_beta.debug.xcconfig */,
				B1D735496F795E5A69644DAB /* Pods-kacagiderim_beta.release.xcconfig */,
			);
			name = Pods;
			sourceTree = "<group>";
		};
		D6D66A7C20F9FB6D003B7C75 = {
			isa = PBXGroup;
			children = (
				D6D66A8720F9FB6E003B7C75 /* kacagiderim_beta */,
				D6D66A8620F9FB6E003B7C75 /* Products */,
				501F523578B8B7F449918FE6 /* Pods */,
				19141FCE65D4CF05EB58ABFF /* Frameworks */,
			);
			sourceTree = "<group>";
		};
		D6D66A8620F9FB6E003B7C75 /* Products */ = {
			isa = PBXGroup;
			children = (
				D6D66A8520F9FB6E003B7C75 /* kacagiderim_beta.app */,
			);
			name = Products;
			sourceTree = "<group>";
		};
		D6D66A8720F9FB6E003B7C75 /* kacagiderim_beta */ = {
			isa = PBXGroup;
			children = (
				D6EBE94F210331D30067CAB8 /* CommonUI */,
				D800077D20FE27E000B1128A /* CommonUtils */,
				D800077A20FE274300B1128A /* Model */,
				D800077320FE220B00B1128A /* API */,
				D800076820FCCAF800B1128A /* Tabbar */,
				D6D66A9C20FA0D1E003B7C75 /* Login */,
				D6D66A8820F9FB6E003B7C75 /* AppDelegate.swift */,
				D800076620FCC7DB00B1128A /* Switcher.swift */,
				D6D66A8C20F9FB6E003B7C75 /* Main.storyboard */,
				D6D66A8F20F9FB6E003B7C75 /* Assets.xcassets */,
				D6D66A9120F9FB6E003B7C75 /* LaunchScreen.storyboard */,
				D6D66A9420F9FB6E003B7C75 /* Info.plist */,
				D838A6712142C0FC003E034E /* MapLocationSelector.storyboard */,
			);
			path = kacagiderim_beta;
			sourceTree = "<group>";
		};
		D6D66A9C20FA0D1E003B7C75 /* Login */ = {
			isa = PBXGroup;
			children = (
				D6D66A8A20F9FB6E003B7C75 /* SignInViewController.swift */,
				D6D66AA120FA5909003B7C75 /* LoginViewController.swift */,
				D800076220FC7C3100B1128A /* SignUpViewController.swift */,
			);
			path = Login;
			sourceTree = "<group>";
		};
		D6EBE94F210331D30067CAB8 /* CommonUI */ = {
			isa = PBXGroup;
			children = (
				D6EBE950210331E30067CAB8 /* MessageHelper.swift */,
				D6A0D7AF211F3F460019C7FA /* FuelPriceCollectionViewCell.swift */,
				D6A0D7B1211F412C0019C7FA /* FuelPriceCollectionViewDataSource.swift */,
				D86F692721231977006FF227 /* CustomCollectionViewController.swift */,
				D6C29B1E213C940100054110 /* MyCustomTableViewCell.swift */,
				D6C29B2021407EC000054110 /* CustomCardPartTheme.swift */,
				D6C29B2221407FF700054110 /* ExtensionUIColor.swift */,
				D6C29B242140808300054110 /* ExtensionUIFont.swift */,
			);
			path = CommonUI;
			sourceTree = "<group>";
		};
		D800076820FCCAF800B1128A /* Tabbar */ = {
			isa = PBXGroup;
			children = (
				D800076420FCC63400B1128A /* MainTabbarController.swift */,
				D800076920FCCB0F00B1128A /* ProfileViewController.swift */,
				D800076B20FCCF2900B1128A /* PricesViewController.swift */,
				D800076D20FCCF3900B1128A /* MapViewController.swift */,
				D800076F20FCD9C200B1128A /* RoutesViewController.swift */,
				D800077120FCD9D300B1128A /* CarsViewController.swift */,
				D838A66D214102DA003E034E /* PasswordViewController.swift */,
				D838A66F2142BEAA003E034E /* MapLocationSelector.swift */,
			);
			path = Tabbar;
			sourceTree = "<group>";
		};
		D800077320FE220B00B1128A /* API */ = {
			isa = PBXGroup;
			children = (
				D898649D2101D3BE00E46477 /* Endpoints */,
				D8E69A032100A09F005484CA /* APIClient.swift */,
				D8E69A052100A0D4005484CA /* Constants.swift */,
				D8E69A092100E065005484CA /* APIConfiguration.swift */,
				D8B26417211B2055000E814F /* TokenController.swift */,
			);
			path = API;
			sourceTree = "<group>";
		};
		D800077A20FE274300B1128A /* Model */ = {
			isa = PBXGroup;
			children = (
				D8E699FD20FF34A4005484CA /* User.swift */,
				D8E699FF20FF80D7005484CA /* Country.swift */,
				D6A0D7B7212082C80019C7FA /* City.swift */,
				D6A0D7B92120837B0019C7FA /* Cities.swift */,
				D6EBE9582104DFDF0067CAB8 /* Countries.swift */,
				D89864A021020F9A00E46477 /* ServerResponse.swift */,
				D8B4236721022C7C009A5B7B /* LoginSuccessResponse.swift */,
				D898649B2101BF7B00E46477 /* LoginFailResponse.swift */,
				D6A0D7AD211F2FAC0019C7FA /* FuelPrice.swift */,
				D838A66B213FED7B003E034E /* FuelPrices.swift */,
			);
			path = Model;
			sourceTree = "<group>";
		};
		D800077D20FE27E000B1128A /* CommonUtils */ = {
			isa = PBXGroup;
			children = (
				D800077E20FE280300B1128A /* L10n.swift */,
				D6EBE9522103457B0067CAB8 /* CustomError.swift */,
				D6EBE95421035EA30067CAB8 /* Utils.swift */,
			);
			path = CommonUtils;
			sourceTree = "<group>";
		};
		D898649D2101D3BE00E46477 /* Endpoints */ = {
			isa = PBXGroup;
			children = (
				D8E69A0B2100E0BD005484CA /* LoginEndpoint.swift */,
				D8E69A0121009F90005484CA /* NationEndpoint.swift */,
				D898649E2101D3D900E46477 /* UserEndpoint.swift */,
				D6A0D7AB211F2A530019C7FA /* FuelEndpoint.swift */,
			);
			path = Endpoints;
			sourceTree = "<group>";
		};
/* End PBXGroup section */

/* Begin PBXNativeTarget section */
		D6D66A8420F9FB6D003B7C75 /* kacagiderim_beta */ = {
			isa = PBXNativeTarget;
			buildConfigurationList = D6D66A9720F9FB6E003B7C75 /* Build configuration list for PBXNativeTarget "kacagiderim_beta" */;
			buildPhases = (
				F98971718E7C7A16450A8D08 /* [CP] Check Pods Manifest.lock */,
				D6D66A8120F9FB6D003B7C75 /* Sources */,
				D6D66A8220F9FB6D003B7C75 /* Frameworks */,
				D6D66A8320F9FB6D003B7C75 /* Resources */,
				4C382372DB8AA392829CEDED /* [CP] Embed Pods Frameworks */,
				72FBFFAE0E69ED57E2D576AA /* [CP] Copy Pods Resources */,
			);
			buildRules = (
			);
			dependencies = (
			);
			name = kacagiderim_beta;
			productName = kacagiderim_beta;
			productReference = D6D66A8520F9FB6E003B7C75 /* kacagiderim_beta.app */;
			productType = "com.apple.product-type.application";
		};
/* End PBXNativeTarget section */

/* Begin PBXProject section */
		D6D66A7D20F9FB6D003B7C75 /* Project object */ = {
			isa = PBXProject;
			attributes = {
				LastSwiftUpdateCheck = 0920;
				LastUpgradeCheck = 0940;
				ORGANIZATIONNAME = kacagiderim;
				TargetAttributes = {
					D6D66A8420F9FB6D003B7C75 = {
						CreatedOnToolsVersion = 9.2;
						ProvisioningStyle = Automatic;
					};
				};
			};
			buildConfigurationList = D6D66A8020F9FB6D003B7C75 /* Build configuration list for PBXProject "kacagiderim_beta" */;
			compatibilityVersion = "Xcode 8.0";
			developmentRegion = en;
			hasScannedForEncodings = 0;
			knownRegions = (
				en,
				Base,
			);
			mainGroup = D6D66A7C20F9FB6D003B7C75;
			productRefGroup = D6D66A8620F9FB6E003B7C75 /* Products */;
			projectDirPath = "";
			projectRoot = "";
			targets = (
				D6D66A8420F9FB6D003B7C75 /* kacagiderim_beta */,
			);
		};
/* End PBXProject section */

/* Begin PBXResourcesBuildPhase section */
		D6D66A8320F9FB6D003B7C75 /* Resources */ = {
			isa = PBXResourcesBuildPhase;
			buildActionMask = 2147483647;
			files = (
				D6D66A9320F9FB6E003B7C75 /* LaunchScreen.storyboard in Resources */,
				D838A6722142C0FC003E034E /* MapLocationSelector.storyboard in Resources */,
				D6D66A9020F9FB6E003B7C75 /* Assets.xcassets in Resources */,
				D6D66A8E20F9FB6E003B7C75 /* Main.storyboard in Resources */,
			);
			runOnlyForDeploymentPostprocessing = 0;
		};
/* End PBXResourcesBuildPhase section */

/* Begin PBXShellScriptBuildPhase section */
		4C382372DB8AA392829CEDED /* [CP] Embed Pods Frameworks */ = {
			isa = PBXShellScriptBuildPhase;
			buildActionMask = 2147483647;
			files = (
			);
			inputPaths = (
				"${SRCROOT}/Pods/Target Support Files/Pods-kacagiderim_beta/Pods-kacagiderim_beta-frameworks.sh",
				"${BUILT_PRODUCTS_DIR}/Alamofire/Alamofire.framework",
				"${BUILT_PRODUCTS_DIR}/CHIPageControl/CHIPageControl.framework",
				"${BUILT_PRODUCTS_DIR}/CardParts/CardParts.framework",
				"${BUILT_PRODUCTS_DIR}/DCKit/DCKit.framework",
				"${BUILT_PRODUCTS_DIR}/Differentiator/Differentiator.framework",
				"${BUILT_PRODUCTS_DIR}/Dodo/Dodo.framework",
				"${BUILT_PRODUCTS_DIR}/EGFormValidator/EGFormValidator.framework",
				"${BUILT_PRODUCTS_DIR}/KeychainSwift/KeychainSwift.framework",
				"${BUILT_PRODUCTS_DIR}/McPicker/McPicker.framework",
				"${BUILT_PRODUCTS_DIR}/NVActivityIndicatorView/NVActivityIndicatorView.framework",
				"${BUILT_PRODUCTS_DIR}/RxCocoa/RxCocoa.framework",
				"${BUILT_PRODUCTS_DIR}/RxDataSources/RxDataSources.framework",
				"${BUILT_PRODUCTS_DIR}/RxGesture/RxGesture.framework",
				"${BUILT_PRODUCTS_DIR}/RxSwift/RxSwift.framework",
				"${BUILT_PRODUCTS_DIR}/TextFieldEffects/TextFieldEffects.framework",
			);
			name = "[CP] Embed Pods Frameworks";
			outputPaths = (
				"${TARGET_BUILD_DIR}/${FRAMEWORKS_FOLDER_PATH}/Alamofire.framework",
				"${TARGET_BUILD_DIR}/${FRAMEWORKS_FOLDER_PATH}/CHIPageControl.framework",
				"${TARGET_BUILD_DIR}/${FRAMEWORKS_FOLDER_PATH}/CardParts.framework",
				"${TARGET_BUILD_DIR}/${FRAMEWORKS_FOLDER_PATH}/DCKit.framework",
				"${TARGET_BUILD_DIR}/${FRAMEWORKS_FOLDER_PATH}/Differentiator.framework",
				"${TARGET_BUILD_DIR}/${FRAMEWORKS_FOLDER_PATH}/Dodo.framework",
				"${TARGET_BUILD_DIR}/${FRAMEWORKS_FOLDER_PATH}/EGFormValidator.framework",
				"${TARGET_BUILD_DIR}/${FRAMEWORKS_FOLDER_PATH}/KeychainSwift.framework",
				"${TARGET_BUILD_DIR}/${FRAMEWORKS_FOLDER_PATH}/McPicker.framework",
				"${TARGET_BUILD_DIR}/${FRAMEWORKS_FOLDER_PATH}/NVActivityIndicatorView.framework",
				"${TARGET_BUILD_DIR}/${FRAMEWORKS_FOLDER_PATH}/RxCocoa.framework",
				"${TARGET_BUILD_DIR}/${FRAMEWORKS_FOLDER_PATH}/RxDataSources.framework",
				"${TARGET_BUILD_DIR}/${FRAMEWORKS_FOLDER_PATH}/RxGesture.framework",
				"${TARGET_BUILD_DIR}/${FRAMEWORKS_FOLDER_PATH}/RxSwift.framework",
				"${TARGET_BUILD_DIR}/${FRAMEWORKS_FOLDER_PATH}/TextFieldEffects.framework",
			);
			runOnlyForDeploymentPostprocessing = 0;
			shellPath = /bin/sh;
			shellScript = "\"${SRCROOT}/Pods/Target Support Files/Pods-kacagiderim_beta/Pods-kacagiderim_beta-frameworks.sh\"\n";
			showEnvVarsInLog = 0;
		};
		72FBFFAE0E69ED57E2D576AA /* [CP] Copy Pods Resources */ = {
			isa = PBXShellScriptBuildPhase;
			buildActionMask = 2147483647;
			files = (
			);
			inputPaths = (
				"${SRCROOT}/Pods/Target Support Files/Pods-kacagiderim_beta/Pods-kacagiderim_beta-resources.sh",
				"${PODS_ROOT}/GoogleMaps/Maps/Frameworks/GoogleMaps.framework/Resources/GoogleMaps.bundle",
				"${PODS_ROOT}/GooglePlaces/Frameworks/GooglePlaces.framework/Resources/GooglePlaces.bundle",
			);
			name = "[CP] Copy Pods Resources";
			outputPaths = (
				"${TARGET_BUILD_DIR}/${UNLOCALIZED_RESOURCES_FOLDER_PATH}/GoogleMaps.bundle",
				"${TARGET_BUILD_DIR}/${UNLOCALIZED_RESOURCES_FOLDER_PATH}/GooglePlaces.bundle",
			);
			runOnlyForDeploymentPostprocessing = 0;
			shellPath = /bin/sh;
			shellScript = "\"${SRCROOT}/Pods/Target Support Files/Pods-kacagiderim_beta/Pods-kacagiderim_beta-resources.sh\"\n";
			showEnvVarsInLog = 0;
		};
		F98971718E7C7A16450A8D08 /* [CP] Check Pods Manifest.lock */ = {
			isa = PBXShellScriptBuildPhase;
			buildActionMask = 2147483647;
			files = (
			);
			inputPaths = (
				"${PODS_PODFILE_DIR_PATH}/Podfile.lock",
				"${PODS_ROOT}/Manifest.lock",
			);
			name = "[CP] Check Pods Manifest.lock";
			outputPaths = (
				"$(DERIVED_FILE_DIR)/Pods-kacagiderim_beta-checkManifestLockResult.txt",
			);
			runOnlyForDeploymentPostprocessing = 0;
			shellPath = /bin/sh;
			shellScript = "diff \"${PODS_PODFILE_DIR_PATH}/Podfile.lock\" \"${PODS_ROOT}/Manifest.lock\" > /dev/null\nif [ $? != 0 ] ; then\n    # print error to STDERR\n    echo \"error: The sandbox is not in sync with the Podfile.lock. Run 'pod install' or update your CocoaPods installation.\" >&2\n    exit 1\nfi\n# This output is used by Xcode 'outputs' to avoid re-running this script phase.\necho \"SUCCESS\" > \"${SCRIPT_OUTPUT_FILE_0}\"\n";
			showEnvVarsInLog = 0;
		};
/* End PBXShellScriptBuildPhase section */

/* Begin PBXSourcesBuildPhase section */
		D6D66A8120F9FB6D003B7C75 /* Sources */ = {
			isa = PBXSourcesBuildPhase;
			buildActionMask = 2147483647;
			files = (
				D6EBE9532103457B0067CAB8 /* CustomError.swift in Sources */,
				D8E69A062100A0D4005484CA /* Constants.swift in Sources */,
				D800077F20FE280300B1128A /* L10n.swift in Sources */,
				D8B4236821022C7C009A5B7B /* LoginSuccessResponse.swift in Sources */,
				D898649C2101BF7B00E46477 /* LoginFailResponse.swift in Sources */,
				D838A66E214102DA003E034E /* PasswordViewController.swift in Sources */,
				D838A6702142BEAA003E034E /* MapLocationSelector.swift in Sources */,
				D6EBE95521035EA30067CAB8 /* Utils.swift in Sources */,
				D6A0D7B0211F3F460019C7FA /* FuelPriceCollectionViewCell.swift in Sources */,
				D6D66AA220FA5909003B7C75 /* LoginViewController.swift in Sources */,
				D8E69A0C2100E0BD005484CA /* LoginEndpoint.swift in Sources */,
				D6C29B2321407FF700054110 /* ExtensionUIColor.swift in Sources */,
				D6D66A8B20F9FB6E003B7C75 /* SignInViewController.swift in Sources */,
				D838A66C213FED7B003E034E /* FuelPrices.swift in Sources */,
				D6C29B2121407EC000054110 /* CustomCardPartTheme.swift in Sources */,
				D6C29B1F213C940100054110 /* MyCustomTableViewCell.swift in Sources */,
				D800076C20FCCF2900B1128A /* PricesViewController.swift in Sources */,
				D6A0D7BA2120837B0019C7FA /* Cities.swift in Sources */,
				D800076720FCC7DB00B1128A /* Switcher.swift in Sources */,
				D800077020FCD9C200B1128A /* RoutesViewController.swift in Sources */,
				D89864A121020F9A00E46477 /* ServerResponse.swift in Sources */,
				D800076E20FCCF3900B1128A /* MapViewController.swift in Sources */,
				D800076520FCC63400B1128A /* MainTabbarController.swift in Sources */,
				D800076A20FCCB0F00B1128A /* ProfileViewController.swift in Sources */,
				D8E69A042100A09F005484CA /* APIClient.swift in Sources */,
				D86F692821231977006FF227 /* CustomCollectionViewController.swift in Sources */,
				D800076320FC7C3100B1128A /* SignUpViewController.swift in Sources */,
				D6A0D7AC211F2A530019C7FA /* FuelEndpoint.swift in Sources */,
				D6C29B252140808300054110 /* ExtensionUIFont.swift in Sources */,
				D6A0D7AE211F2FAC0019C7FA /* FuelPrice.swift in Sources */,
				D6D66A8920F9FB6E003B7C75 /* AppDelegate.swift in Sources */,
				D898649F2101D3D900E46477 /* UserEndpoint.swift in Sources */,
				D8E69A0A2100E065005484CA /* APIConfiguration.swift in Sources */,
				D6EBE951210331E30067CAB8 /* MessageHelper.swift in Sources */,
				D6EBE9592104DFDF0067CAB8 /* Countries.swift in Sources */,
				D6A0D7B8212082C80019C7FA /* City.swift in Sources */,
				D800077220FCD9D300B1128A /* CarsViewController.swift in Sources */,
				D8E69A0020FF80D7005484CA /* Country.swift in Sources */,
				D8B26418211B2055000E814F /* TokenController.swift in Sources */,
				D8E69A0221009F90005484CA /* NationEndpoint.swift in Sources */,
				D6A0D7B2211F412C0019C7FA /* FuelPriceCollectionViewDataSource.swift in Sources */,
				D8E699FE20FF34A4005484CA /* User.swift in Sources */,
			);
			runOnlyForDeploymentPostprocessing = 0;
		};
/* End PBXSourcesBuildPhase section */

/* Begin PBXVariantGroup section */
		D6D66A8C20F9FB6E003B7C75 /* Main.storyboard */ = {
			isa = PBXVariantGroup;
			children = (
				D6D66A8D20F9FB6E003B7C75 /* Base */,
			);
			name = Main.storyboard;
			sourceTree = "<group>";
		};
		D6D66A9120F9FB6E003B7C75 /* LaunchScreen.storyboard */ = {
			isa = PBXVariantGroup;
			children = (
				D6D66A9220F9FB6E003B7C75 /* Base */,
			);
			name = LaunchScreen.storyboard;
			sourceTree = "<group>";
		};
/* End PBXVariantGroup section */

/* Begin XCBuildConfiguration section */
		D6D66A9520F9FB6E003B7C75 /* Debug */ = {
			isa = XCBuildConfiguration;
			buildSettings = {
				ALWAYS_SEARCH_USER_PATHS = NO;
				CLANG_ANALYZER_NONNULL = YES;
				CLANG_ANALYZER_NUMBER_OBJECT_CONVERSION = YES_AGGRESSIVE;
				CLANG_CXX_LANGUAGE_STANDARD = "gnu++14";
				CLANG_CXX_LIBRARY = "libc++";
				CLANG_ENABLE_MODULES = YES;
				CLANG_ENABLE_OBJC_ARC = YES;
				CLANG_WARN_BLOCK_CAPTURE_AUTORELEASING = YES;
				CLANG_WARN_BOOL_CONVERSION = YES;
				CLANG_WARN_COMMA = YES;
				CLANG_WARN_CONSTANT_CONVERSION = YES;
				CLANG_WARN_DEPRECATED_OBJC_IMPLEMENTATIONS = YES;
				CLANG_WARN_DIRECT_OBJC_ISA_USAGE = YES_ERROR;
				CLANG_WARN_DOCUMENTATION_COMMENTS = YES;
				CLANG_WARN_EMPTY_BODY = YES;
				CLANG_WARN_ENUM_CONVERSION = YES;
				CLANG_WARN_INFINITE_RECURSION = YES;
				CLANG_WARN_INT_CONVERSION = YES;
				CLANG_WARN_NON_LITERAL_NULL_CONVERSION = YES;
				CLANG_WARN_OBJC_IMPLICIT_RETAIN_SELF = YES;
				CLANG_WARN_OBJC_LITERAL_CONVERSION = YES;
				CLANG_WARN_OBJC_ROOT_CLASS = YES_ERROR;
				CLANG_WARN_RANGE_LOOP_ANALYSIS = YES;
				CLANG_WARN_STRICT_PROTOTYPES = YES;
				CLANG_WARN_SUSPICIOUS_MOVE = YES;
				CLANG_WARN_UNGUARDED_AVAILABILITY = YES_AGGRESSIVE;
				CLANG_WARN_UNREACHABLE_CODE = YES;
				CLANG_WARN__DUPLICATE_METHOD_MATCH = YES;
				CODE_SIGN_IDENTITY = "iPhone Developer";
				COPY_PHASE_STRIP = NO;
				DEBUG_INFORMATION_FORMAT = dwarf;
				ENABLE_STRICT_OBJC_MSGSEND = YES;
				ENABLE_TESTABILITY = YES;
				GCC_C_LANGUAGE_STANDARD = gnu11;
				GCC_DYNAMIC_NO_PIC = NO;
				GCC_NO_COMMON_BLOCKS = YES;
				GCC_OPTIMIZATION_LEVEL = 0;
				GCC_PREPROCESSOR_DEFINITIONS = (
					"DEBUG=1",
					"$(inherited)",
				);
				GCC_WARN_64_TO_32_BIT_CONVERSION = YES;
				GCC_WARN_ABOUT_RETURN_TYPE = YES_ERROR;
				GCC_WARN_UNDECLARED_SELECTOR = YES;
				GCC_WARN_UNINITIALIZED_AUTOS = YES_AGGRESSIVE;
				GCC_WARN_UNUSED_FUNCTION = YES;
				GCC_WARN_UNUSED_VARIABLE = YES;
				IPHONEOS_DEPLOYMENT_TARGET = 11.2;
				MTL_ENABLE_DEBUG_INFO = YES;
				ONLY_ACTIVE_ARCH = YES;
				SDKROOT = iphoneos;
				SWIFT_ACTIVE_COMPILATION_CONDITIONS = DEBUG;
				SWIFT_OPTIMIZATION_LEVEL = "-Onone";
			};
			name = Debug;
		};
		D6D66A9620F9FB6E003B7C75 /* Release */ = {
			isa = XCBuildConfiguration;
			buildSettings = {
				ALWAYS_SEARCH_USER_PATHS = NO;
				CLANG_ANALYZER_NONNULL = YES;
				CLANG_ANALYZER_NUMBER_OBJECT_CONVERSION = YES_AGGRESSIVE;
				CLANG_CXX_LANGUAGE_STANDARD = "gnu++14";
				CLANG_CXX_LIBRARY = "libc++";
				CLANG_ENABLE_MODULES = YES;
				CLANG_ENABLE_OBJC_ARC = YES;
				CLANG_WARN_BLOCK_CAPTURE_AUTORELEASING = YES;
				CLANG_WARN_BOOL_CONVERSION = YES;
				CLANG_WARN_COMMA = YES;
				CLANG_WARN_CONSTANT_CONVERSION = YES;
				CLANG_WARN_DEPRECATED_OBJC_IMPLEMENTATIONS = YES;
				CLANG_WARN_DIRECT_OBJC_ISA_USAGE = YES_ERROR;
				CLANG_WARN_DOCUMENTATION_COMMENTS = YES;
				CLANG_WARN_EMPTY_BODY = YES;
				CLANG_WARN_ENUM_CONVERSION = YES;
				CLANG_WARN_INFINITE_RECURSION = YES;
				CLANG_WARN_INT_CONVERSION = YES;
				CLANG_WARN_NON_LITERAL_NULL_CONVERSION = YES;
				CLANG_WARN_OBJC_IMPLICIT_RETAIN_SELF = YES;
				CLANG_WARN_OBJC_LITERAL_CONVERSION = YES;
				CLANG_WARN_OBJC_ROOT_CLASS = YES_ERROR;
				CLANG_WARN_RANGE_LOOP_ANALYSIS = YES;
				CLANG_WARN_STRICT_PROTOTYPES = YES;
				CLANG_WARN_SUSPICIOUS_MOVE = YES;
				CLANG_WARN_UNGUARDED_AVAILABILITY = YES_AGGRESSIVE;
				CLANG_WARN_UNREACHABLE_CODE = YES;
				CLANG_WARN__DUPLICATE_METHOD_MATCH = YES;
				CODE_SIGN_IDENTITY = "iPhone Developer";
				COPY_PHASE_STRIP = NO;
				DEBUG_INFORMATION_FORMAT = "dwarf-with-dsym";
				ENABLE_NS_ASSERTIONS = NO;
				ENABLE_STRICT_OBJC_MSGSEND = YES;
				GCC_C_LANGUAGE_STANDARD = gnu11;
				GCC_NO_COMMON_BLOCKS = YES;
				GCC_WARN_64_TO_32_BIT_CONVERSION = YES;
				GCC_WARN_ABOUT_RETURN_TYPE = YES_ERROR;
				GCC_WARN_UNDECLARED_SELECTOR = YES;
				GCC_WARN_UNINITIALIZED_AUTOS = YES_AGGRESSIVE;
				GCC_WARN_UNUSED_FUNCTION = YES;
				GCC_WARN_UNUSED_VARIABLE = YES;
				IPHONEOS_DEPLOYMENT_TARGET = 11.2;
				MTL_ENABLE_DEBUG_INFO = NO;
				SDKROOT = iphoneos;
				SWIFT_OPTIMIZATION_LEVEL = "-Owholemodule";
				VALIDATE_PRODUCT = YES;
			};
			name = Release;
		};
		D6D66A9820F9FB6E003B7C75 /* Debug */ = {
			isa = XCBuildConfiguration;
			baseConfigurationReference = D695B7266CA73A8F19F59151 /* Pods-kacagiderim_beta.debug.xcconfig */;
			buildSettings = {
				ASSETCATALOG_COMPILER_APPICON_NAME = AppIcon;
				CODE_SIGN_STYLE = Automatic;
				INFOPLIST_FILE = kacagiderim_beta/Info.plist;
				LD_RUNPATH_SEARCH_PATHS = "$(inherited) @executable_path/Frameworks";
				PRODUCT_BUNDLE_IDENTIFIER = "com.kacagiderim.kacagiderim-beta";
				PRODUCT_NAME = "$(TARGET_NAME)";
				SWIFT_VERSION = 4.0;
				TARGETED_DEVICE_FAMILY = "1,2";
			};
			name = Debug;
		};
		D6D66A9920F9FB6E003B7C75 /* Release */ = {
			isa = XCBuildConfiguration;
			baseConfigurationReference = B1D735496F795E5A69644DAB /* Pods-kacagiderim_beta.release.xcconfig */;
			buildSettings = {
				ASSETCATALOG_COMPILER_APPICON_NAME = AppIcon;
				CODE_SIGN_STYLE = Automatic;
				INFOPLIST_FILE = kacagiderim_beta/Info.plist;
				LD_RUNPATH_SEARCH_PATHS = "$(inherited) @executable_path/Frameworks";
				PRODUCT_BUNDLE_IDENTIFIER = "com.kacagiderim.kacagiderim-beta";
				PRODUCT_NAME = "$(TARGET_NAME)";
				SWIFT_VERSION = 4.0;
				TARGETED_DEVICE_FAMILY = "1,2";
			};
			name = Release;
		};
/* End XCBuildConfiguration section */

/* Begin XCConfigurationList section */
		D6D66A8020F9FB6D003B7C75 /* Build configuration list for PBXProject "kacagiderim_beta" */ = {
			isa = XCConfigurationList;
			buildConfigurations = (
				D6D66A9520F9FB6E003B7C75 /* Debug */,
				D6D66A9620F9FB6E003B7C75 /* Release */,
			);
			defaultConfigurationIsVisible = 0;
			defaultConfigurationName = Release;
		};
		D6D66A9720F9FB6E003B7C75 /* Build configuration list for PBXNativeTarget "kacagiderim_beta" */ = {
			isa = XCConfigurationList;
			buildConfigurations = (
				D6D66A9820F9FB6E003B7C75 /* Debug */,
				D6D66A9920F9FB6E003B7C75 /* Release */,
			);
			defaultConfigurationIsVisible = 0;
			defaultConfigurationName = Release;
		};
/* End XCConfigurationList section */
	};
	rootObject = D6D66A7D20F9FB6D003B7C75 /* Project object */;
}
